// !$*UTF8*$!
{
	archiveVersion = 1;
	classes = {
	};
	objectVersion = 46;
	objects = {

/* Begin PBXBuildFile section */
		1E555E3518466B6500B143B4 /* Foundation.framework in Frameworks */ = {isa = PBXBuildFile; fileRef = 1E555E3418466B6500B143B4 /* Foundation.framework */; };
		1E555E3918466B6500B143B4 /* UIKit.framework in Frameworks */ = {isa = PBXBuildFile; fileRef = 1E555E3818466B6500B143B4 /* UIKit.framework */; };
		1E555E4518466B6500B143B4 /* AppDelegate.m in Sources */ = {isa = PBXBuildFile; fileRef = 1E555E4418466B6500B143B4 /* AppDelegate.m */; };
		1E555E4B18466B6500B143B4 /* MainViewController.m in Sources */ = {isa = PBXBuildFile; fileRef = 1E555E4A18466B6500B143B4 /* MainViewController.m */; };
		4A55CAFA24C76D35008065DA /* Launch.storyboard in Resources */ = {isa = PBXBuildFile; fileRef = 4A55CAF924C76D35008065DA /* Launch.storyboard */; };
		5DB7EDC91D89CC2C00B62BB7 /* Settings.bundle in Resources */ = {isa = PBXBuildFile; fileRef = 5DB7EDC81D89CC2C00B62BB7 /* Settings.bundle */; };
		5DB7EDCB1D89CC3800B62BB7 /* Images.xcassets in Resources */ = {isa = PBXBuildFile; fileRef = 5DB7EDCA1D89CC3800B62BB7 /* Images.xcassets */; };
		6E04EAC31CF4E52A00115C2F /* Localization.m in Sources */ = {isa = PBXBuildFile; fileRef = E4BD7AEE1B023A2C006BE23B /* Localization.m */; };
		6E04EAC41CF4E55900115C2F /* Forecast.m in Sources */ = {isa = PBXBuildFile; fileRef = E48C4D9219FE7CAF00A90448 /* Forecast.m */; };
		6EF1FC581CF5EF3F009BE8E9 /* SmartDeviceLinkService.m in Sources */ = {isa = PBXBuildFile; fileRef = 6EF1FC571CF5EF3F009BE8E9 /* SmartDeviceLinkService.m */; };
		AA62726DBC705DF2AB93C537 /* Pods_MobileWeather.framework in Frameworks */ = {isa = PBXBuildFile; fileRef = E5FAE7A71ACD04B5A73D580C /* Pods_MobileWeather.framework */; };
		E4059D6219FF7D4800C9996D /* WeatherDataManager.m in Sources */ = {isa = PBXBuildFile; fileRef = E4059D6119FF7D4800C9996D /* WeatherDataManager.m */; };
		E4059D6519FF7DA900C9996D /* WeatherService.m in Sources */ = {isa = PBXBuildFile; fileRef = E4059D6419FF7DA900C9996D /* WeatherService.m */; };
		E4059D6819FF8AF500C9996D /* DarkSkyService.m in Sources */ = {isa = PBXBuildFile; fileRef = E4059D6719FF8AF500C9996D /* DarkSkyService.m */; };
		E4059D7A19FFC21500C9996D /* DarkSkyProcessor.m in Sources */ = {isa = PBXBuildFile; fileRef = E4059D7919FFC21500C9996D /* DarkSkyProcessor.m */; };
		E42758301A0B75C000AA42B1 /* main.m in Sources */ = {isa = PBXBuildFile; fileRef = E427582D1A0B75C000AA42B1 /* main.m */; };
		E436919A19F556D800678C1D /* Main.storyboard in Resources */ = {isa = PBXBuildFile; fileRef = E436919919F556D800678C1D /* Main.storyboard */; };
		E43D8D5D1B32E50D00FB8717 /* Localizable.stringsdict in Resources */ = {isa = PBXBuildFile; fileRef = E43D8D5F1B32E50D00FB8717 /* Localizable.stringsdict */; };
		E44272FB1B00A5FC0018EA4F /* Localizable.strings in Resources */ = {isa = PBXBuildFile; fileRef = E44272FD1B00A5FC0018EA4F /* Localizable.strings */; };
		E44F82411A7F84E10055AD77 /* AlertType.m in Sources */ = {isa = PBXBuildFile; fileRef = E44F82401A7F84E10055AD77 /* AlertType.m */; };
		E44F82451A7F86D20055AD77 /* RoadConditions.m in Sources */ = {isa = PBXBuildFile; fileRef = E44F82441A7F86D20055AD77 /* RoadConditions.m */; };
		E45EADFC1AE932AA0046D883 /* InfoPlist.strings in Resources */ = {isa = PBXBuildFile; fileRef = E45EADFE1AE932AA0046D883 /* InfoPlist.strings */; };
		E4615C151A0CB42C0074A3A8 /* Notifications.m in Sources */ = {isa = PBXBuildFile; fileRef = E4615C141A0CB42C0074A3A8 /* Notifications.m */; };
		E477F2551A8B526E0028B59C /* UnitNumber.m in Sources */ = {isa = PBXBuildFile; fileRef = E477F2541A8B526E0028B59C /* UnitNumber.m */; };
		E477F2581A8B567E0028B59C /* LengthNumber.m in Sources */ = {isa = PBXBuildFile; fileRef = E477F2571A8B567E0028B59C /* LengthNumber.m */; };
		E477F25B1A8B56860028B59C /* SpeedNumber.m in Sources */ = {isa = PBXBuildFile; fileRef = E477F25A1A8B56860028B59C /* SpeedNumber.m */; };
		E477F25E1A8B568F0028B59C /* TemperatureNumber.m in Sources */ = {isa = PBXBuildFile; fileRef = E477F25D1A8B568F0028B59C /* TemperatureNumber.m */; };
		E477F2611A8B79020028B59C /* PercentageNumber.m in Sources */ = {isa = PBXBuildFile; fileRef = E477F2601A8B79020028B59C /* PercentageNumber.m */; };
		E4780C221A35E6D200B194E7 /* UnitConverter.m in Sources */ = {isa = PBXBuildFile; fileRef = E4780C211A35E6D200B194E7 /* UnitConverter.m */; };
		E48C4D9619FE7D1400A90448 /* Alert.m in Sources */ = {isa = PBXBuildFile; fileRef = E48C4D9519FE7D1400A90448 /* Alert.m */; };
		E48C4DA319FE7E9E00A90448 /* WeatherConditions.m in Sources */ = {isa = PBXBuildFile; fileRef = E48C4DA219FE7E9E00A90448 /* WeatherConditions.m */; };
		E48C4DA719FE840800A90448 /* ImageProcessor.m in Sources */ = {isa = PBXBuildFile; fileRef = E48C4DA619FE840800A90448 /* ImageProcessor.m */; };
		E48C4DB019FE922300A90448 /* LocationService.m in Sources */ = {isa = PBXBuildFile; fileRef = E48C4DAF19FE922300A90448 /* LocationService.m */; };
		E48C4DB319FE970100A90448 /* WeatherLocation.m in Sources */ = {isa = PBXBuildFile; fileRef = E48C4DB219FE970100A90448 /* WeatherLocation.m */; };
		E4BAFA851A0BA707003BB807 /* NSUserDefaults+RegisterSettings.m in Sources */ = {isa = PBXBuildFile; fileRef = E4BAFA841A0BA707003BB807 /* NSUserDefaults+RegisterSettings.m */; };
		E4BD7AED1B02338C006BE23B /* NSBundle+Language.m in Sources */ = {isa = PBXBuildFile; fileRef = E4BD7AEC1B02338C006BE23B /* NSBundle+Language.m */; };
		E4C5B2DE1AEE248C0056E934 /* EnumType.m in Sources */ = {isa = PBXBuildFile; fileRef = E4C5B2DD1AEE248C0056E934 /* EnumType.m */; };
		E4C5B2E11AEE24AC0056E934 /* WeatherLanguage.m in Sources */ = {isa = PBXBuildFile; fileRef = E4C5B2E01AEE24AC0056E934 /* WeatherLanguage.m */; };
		FB8DD2C8193E39FA00F3E936 /* CoreLocation.framework in Frameworks */ = {isa = PBXBuildFile; fileRef = FB8DD2C7193E39FA00F3E936 /* CoreLocation.framework */; };
/* End PBXBuildFile section */

/* Begin PBXCopyFilesBuildPhase section */
		E410DDBF1B441709008F1F0E /* Embed Frameworks */ = {
			isa = PBXCopyFilesBuildPhase;
			buildActionMask = 2147483647;
			dstPath = "";
			dstSubfolderSpec = 10;
			files = (
			);
			name = "Embed Frameworks";
			runOnlyForDeploymentPostprocessing = 0;
		};
/* End PBXCopyFilesBuildPhase section */

/* Begin PBXFileReference section */
		1E555E3118466B6500B143B4 /* MobileWeather.app */ = {isa = PBXFileReference; explicitFileType = wrapper.application; includeInIndex = 0; path = MobileWeather.app; sourceTree = BUILT_PRODUCTS_DIR; };
		1E555E3418466B6500B143B4 /* Foundation.framework */ = {isa = PBXFileReference; lastKnownFileType = wrapper.framework; name = Foundation.framework; path = System/Library/Frameworks/Foundation.framework; sourceTree = SDKROOT; };
		1E555E3818466B6500B143B4 /* UIKit.framework */ = {isa = PBXFileReference; lastKnownFileType = wrapper.framework; name = UIKit.framework; path = System/Library/Frameworks/UIKit.framework; sourceTree = SDKROOT; };
		1E555E4318466B6500B143B4 /* AppDelegate.h */ = {isa = PBXFileReference; lastKnownFileType = sourcecode.c.h; path = AppDelegate.h; sourceTree = "<group>"; };
		1E555E4418466B6500B143B4 /* AppDelegate.m */ = {isa = PBXFileReference; lastKnownFileType = sourcecode.c.objc; path = AppDelegate.m; sourceTree = "<group>"; };
		1E555E4918466B6500B143B4 /* MainViewController.h */ = {isa = PBXFileReference; lastKnownFileType = sourcecode.c.h; path = MainViewController.h; sourceTree = "<group>"; };
		1E555E4A18466B6500B143B4 /* MainViewController.m */ = {isa = PBXFileReference; lastKnownFileType = sourcecode.c.objc; path = MainViewController.m; sourceTree = "<group>"; };
		4A55CAF924C76D35008065DA /* Launch.storyboard */ = {isa = PBXFileReference; lastKnownFileType = file.storyboard; path = Launch.storyboard; sourceTree = "<group>"; };
		56FBAA80C3ED8E16429896CD /* Pods-MobileWeather.release.xcconfig */ = {isa = PBXFileReference; includeInIndex = 1; lastKnownFileType = text.xcconfig; name = "Pods-MobileWeather.release.xcconfig"; path = "Pods/Target Support Files/Pods-MobileWeather/Pods-MobileWeather.release.xcconfig"; sourceTree = "<group>"; };
		5DB7EDC81D89CC2C00B62BB7 /* Settings.bundle */ = {isa = PBXFileReference; lastKnownFileType = "wrapper.plug-in"; name = Settings.bundle; path = MobileWeather/Settings.bundle; sourceTree = SOURCE_ROOT; };
		5DB7EDCA1D89CC3800B62BB7 /* Images.xcassets */ = {isa = PBXFileReference; lastKnownFileType = folder.assetcatalog; name = Images.xcassets; path = MobileWeather/Images.xcassets; sourceTree = SOURCE_ROOT; };
		6EF1FC561CF5EF3F009BE8E9 /* SmartDeviceLinkService.h */ = {isa = PBXFileReference; fileEncoding = 4; lastKnownFileType = sourcecode.c.h; path = SmartDeviceLinkService.h; sourceTree = "<group>"; };
		6EF1FC571CF5EF3F009BE8E9 /* SmartDeviceLinkService.m */ = {isa = PBXFileReference; fileEncoding = 4; lastKnownFileType = sourcecode.c.objc; path = SmartDeviceLinkService.m; sourceTree = "<group>"; };
		C407ED364EBBDDB306D541A8 /* Pods-MobileWeather.debug.xcconfig */ = {isa = PBXFileReference; includeInIndex = 1; lastKnownFileType = text.xcconfig; name = "Pods-MobileWeather.debug.xcconfig"; path = "Pods/Target Support Files/Pods-MobileWeather/Pods-MobileWeather.debug.xcconfig"; sourceTree = "<group>"; };
		E4059D6019FF7D4800C9996D /* WeatherDataManager.h */ = {isa = PBXFileReference; fileEncoding = 4; lastKnownFileType = sourcecode.c.h; path = WeatherDataManager.h; sourceTree = "<group>"; };
		E4059D6119FF7D4800C9996D /* WeatherDataManager.m */ = {isa = PBXFileReference; fileEncoding = 4; lastKnownFileType = sourcecode.c.objc; path = WeatherDataManager.m; sourceTree = "<group>"; };
		E4059D6319FF7DA900C9996D /* WeatherService.h */ = {isa = PBXFileReference; fileEncoding = 4; lastKnownFileType = sourcecode.c.h; path = WeatherService.h; sourceTree = "<group>"; };
		E4059D6419FF7DA900C9996D /* WeatherService.m */ = {isa = PBXFileReference; fileEncoding = 4; lastKnownFileType = sourcecode.c.objc; path = WeatherService.m; sourceTree = "<group>"; };
		E4059D6619FF8AF500C9996D /* DarkSkyService.h */ = {isa = PBXFileReference; fileEncoding = 4; lastKnownFileType = sourcecode.c.h; path = DarkSkyService.h; sourceTree = "<group>"; };
		E4059D6719FF8AF500C9996D /* DarkSkyService.m */ = {isa = PBXFileReference; fileEncoding = 4; lastKnownFileType = sourcecode.c.objc; path = DarkSkyService.m; sourceTree = "<group>"; };
		E4059D7819FFC21500C9996D /* DarkSkyProcessor.h */ = {isa = PBXFileReference; fileEncoding = 4; lastKnownFileType = sourcecode.c.h; path = DarkSkyProcessor.h; sourceTree = "<group>"; };
		E4059D7919FFC21500C9996D /* DarkSkyProcessor.m */ = {isa = PBXFileReference; fileEncoding = 4; lastKnownFileType = sourcecode.c.objc; path = DarkSkyProcessor.m; sourceTree = "<group>"; };
		E4059D7B19FFC9CC00C9996D /* UnitType.h */ = {isa = PBXFileReference; fileEncoding = 4; lastKnownFileType = sourcecode.c.h; path = UnitType.h; sourceTree = "<group>"; };
		E427582D1A0B75C000AA42B1 /* main.m */ = {isa = PBXFileReference; fileEncoding = 4; lastKnownFileType = sourcecode.c.objc; name = main.m; path = MobileWeather/main.m; sourceTree = SOURCE_ROOT; };
		E427582E1A0B75C000AA42B1 /* Info.plist */ = {isa = PBXFileReference; fileEncoding = 4; lastKnownFileType = text.plist.xml; name = Info.plist; path = MobileWeather/Info.plist; sourceTree = SOURCE_ROOT; };
		E42B44311A655D3000D6C6A7 /* Settings.h */ = {isa = PBXFileReference; lastKnownFileType = sourcecode.c.h; path = Settings.h; sourceTree = "<group>"; };
		E436919919F556D800678C1D /* Main.storyboard */ = {isa = PBXFileReference; fileEncoding = 4; lastKnownFileType = file.storyboard; path = Main.storyboard; sourceTree = "<group>"; };
		E43D8D5E1B32E50D00FB8717 /* en */ = {isa = PBXFileReference; lastKnownFileType = text; name = en; path = en.lproj/Localizable.stringsdict; sourceTree = "<group>"; };
		E43D8D601B32E51300FB8717 /* de */ = {isa = PBXFileReference; lastKnownFileType = text; name = de; path = de.lproj/Localizable.stringsdict; sourceTree = "<group>"; };
		E43FD1211B3824E800FBA9CF /* es */ = {isa = PBXFileReference; fileEncoding = 4; lastKnownFileType = text.plist.strings; name = es; path = es.lproj/InfoPlist.strings; sourceTree = "<group>"; };
		E43FD1221B3824E800FBA9CF /* es */ = {isa = PBXFileReference; lastKnownFileType = text.plist.strings; name = es; path = es.lproj/Localizable.strings; sourceTree = "<group>"; };
		E43FD1231B3824E800FBA9CF /* es */ = {isa = PBXFileReference; lastKnownFileType = text.xml; name = es; path = es.lproj/Localizable.stringsdict; sourceTree = "<group>"; };
		E43FD1241B3824F000FBA9CF /* pt */ = {isa = PBXFileReference; fileEncoding = 4; lastKnownFileType = text.plist.strings; name = pt; path = pt.lproj/InfoPlist.strings; sourceTree = "<group>"; };
		E43FD1251B3824F000FBA9CF /* pt */ = {isa = PBXFileReference; lastKnownFileType = text.plist.strings; name = pt; path = pt.lproj/Localizable.strings; sourceTree = "<group>"; };
		E43FD1261B3824F000FBA9CF /* pt */ = {isa = PBXFileReference; lastKnownFileType = text.xml; name = pt; path = pt.lproj/Localizable.stringsdict; sourceTree = "<group>"; };
		E44272FC1B00A5FC0018EA4F /* en */ = {isa = PBXFileReference; lastKnownFileType = text.plist.strings; name = en; path = en.lproj/Localizable.strings; sourceTree = "<group>"; };
		E44272FE1B00A5FE0018EA4F /* de */ = {isa = PBXFileReference; lastKnownFileType = text.plist.strings; name = de; path = de.lproj/Localizable.strings; sourceTree = "<group>"; };
		E44F82401A7F84E10055AD77 /* AlertType.m */ = {isa = PBXFileReference; fileEncoding = 4; lastKnownFileType = sourcecode.c.objc; path = AlertType.m; sourceTree = "<group>"; };
		E44F82441A7F86D20055AD77 /* RoadConditions.m */ = {isa = PBXFileReference; fileEncoding = 4; lastKnownFileType = sourcecode.c.objc; path = RoadConditions.m; sourceTree = "<group>"; };
		E45EADFD1AE932AA0046D883 /* en */ = {isa = PBXFileReference; fileEncoding = 4; lastKnownFileType = text.plist.strings; name = en; path = en.lproj/InfoPlist.strings; sourceTree = "<group>"; };
		E45EADFF1AE933550046D883 /* de */ = {isa = PBXFileReference; fileEncoding = 4; lastKnownFileType = text.plist.strings; name = de; path = de.lproj/InfoPlist.strings; sourceTree = "<group>"; };
		E4615C141A0CB42C0074A3A8 /* Notifications.m */ = {isa = PBXFileReference; fileEncoding = 4; lastKnownFileType = sourcecode.c.objc; path = Notifications.m; sourceTree = "<group>"; };
		E477F2531A8B526E0028B59C /* UnitNumber.h */ = {isa = PBXFileReference; fileEncoding = 4; lastKnownFileType = sourcecode.c.h; path = UnitNumber.h; sourceTree = "<group>"; };
		E477F2541A8B526E0028B59C /* UnitNumber.m */ = {isa = PBXFileReference; fileEncoding = 4; lastKnownFileType = sourcecode.c.objc; path = UnitNumber.m; sourceTree = "<group>"; };
		E477F2561A8B567E0028B59C /* LengthNumber.h */ = {isa = PBXFileReference; fileEncoding = 4; lastKnownFileType = sourcecode.c.h; path = LengthNumber.h; sourceTree = "<group>"; };
		E477F2571A8B567E0028B59C /* LengthNumber.m */ = {isa = PBXFileReference; fileEncoding = 4; lastKnownFileType = sourcecode.c.objc; path = LengthNumber.m; sourceTree = "<group>"; };
		E477F2591A8B56860028B59C /* SpeedNumber.h */ = {isa = PBXFileReference; fileEncoding = 4; lastKnownFileType = sourcecode.c.h; path = SpeedNumber.h; sourceTree = "<group>"; };
		E477F25A1A8B56860028B59C /* SpeedNumber.m */ = {isa = PBXFileReference; fileEncoding = 4; lastKnownFileType = sourcecode.c.objc; path = SpeedNumber.m; sourceTree = "<group>"; };
		E477F25C1A8B568F0028B59C /* TemperatureNumber.h */ = {isa = PBXFileReference; fileEncoding = 4; lastKnownFileType = sourcecode.c.h; path = TemperatureNumber.h; sourceTree = "<group>"; };
		E477F25D1A8B568F0028B59C /* TemperatureNumber.m */ = {isa = PBXFileReference; fileEncoding = 4; lastKnownFileType = sourcecode.c.objc; path = TemperatureNumber.m; sourceTree = "<group>"; };
		E477F25F1A8B79020028B59C /* PercentageNumber.h */ = {isa = PBXFileReference; fileEncoding = 4; lastKnownFileType = sourcecode.c.h; path = PercentageNumber.h; sourceTree = "<group>"; };
		E477F2601A8B79020028B59C /* PercentageNumber.m */ = {isa = PBXFileReference; fileEncoding = 4; lastKnownFileType = sourcecode.c.objc; path = PercentageNumber.m; sourceTree = "<group>"; };
		E4780C201A35E6D200B194E7 /* UnitConverter.h */ = {isa = PBXFileReference; fileEncoding = 4; lastKnownFileType = sourcecode.c.h; path = UnitConverter.h; sourceTree = "<group>"; };
		E4780C211A35E6D200B194E7 /* UnitConverter.m */ = {isa = PBXFileReference; fileEncoding = 4; lastKnownFileType = sourcecode.c.objc; path = UnitConverter.m; sourceTree = "<group>"; };
		E48C4D9119FE7CAF00A90448 /* Forecast.h */ = {isa = PBXFileReference; fileEncoding = 4; lastKnownFileType = sourcecode.c.h; path = Forecast.h; sourceTree = "<group>"; };
		E48C4D9219FE7CAF00A90448 /* Forecast.m */ = {isa = PBXFileReference; fileEncoding = 4; lastKnownFileType = sourcecode.c.objc; path = Forecast.m; sourceTree = "<group>"; };
		E48C4D9419FE7D1400A90448 /* Alert.h */ = {isa = PBXFileReference; fileEncoding = 4; lastKnownFileType = sourcecode.c.h; path = Alert.h; sourceTree = "<group>"; };
		E48C4D9519FE7D1400A90448 /* Alert.m */ = {isa = PBXFileReference; fileEncoding = 4; lastKnownFileType = sourcecode.c.objc; path = Alert.m; sourceTree = "<group>"; };
		E48C4D9719FE7DAF00A90448 /* AlertType.h */ = {isa = PBXFileReference; fileEncoding = 4; lastKnownFileType = sourcecode.c.h; path = AlertType.h; sourceTree = "<group>"; };
		E48C4D9B19FE7E3000A90448 /* RoadConditions.h */ = {isa = PBXFileReference; fileEncoding = 4; lastKnownFileType = sourcecode.c.h; path = RoadConditions.h; sourceTree = "<group>"; };
		E48C4DA119FE7E9E00A90448 /* WeatherConditions.h */ = {isa = PBXFileReference; fileEncoding = 4; lastKnownFileType = sourcecode.c.h; path = WeatherConditions.h; sourceTree = "<group>"; };
		E48C4DA219FE7E9E00A90448 /* WeatherConditions.m */ = {isa = PBXFileReference; fileEncoding = 4; lastKnownFileType = sourcecode.c.objc; path = WeatherConditions.m; sourceTree = "<group>"; };
		E48C4DA519FE840800A90448 /* ImageProcessor.h */ = {isa = PBXFileReference; fileEncoding = 4; lastKnownFileType = sourcecode.c.h; path = ImageProcessor.h; sourceTree = "<group>"; };
		E48C4DA619FE840800A90448 /* ImageProcessor.m */ = {isa = PBXFileReference; fileEncoding = 4; lastKnownFileType = sourcecode.c.objc; path = ImageProcessor.m; sourceTree = "<group>"; };
		E48C4DAB19FE8D4C00A90448 /* WeatherProcessor.h */ = {isa = PBXFileReference; fileEncoding = 4; lastKnownFileType = sourcecode.c.h; path = WeatherProcessor.h; sourceTree = "<group>"; };
		E48C4DAE19FE922300A90448 /* LocationService.h */ = {isa = PBXFileReference; fileEncoding = 4; lastKnownFileType = sourcecode.c.h; path = LocationService.h; sourceTree = "<group>"; };
		E48C4DAF19FE922300A90448 /* LocationService.m */ = {isa = PBXFileReference; fileEncoding = 4; lastKnownFileType = sourcecode.c.objc; path = LocationService.m; sourceTree = "<group>"; };
		E48C4DB119FE970100A90448 /* WeatherLocation.h */ = {isa = PBXFileReference; fileEncoding = 4; lastKnownFileType = sourcecode.c.h; path = WeatherLocation.h; sourceTree = "<group>"; };
		E48C4DB219FE970100A90448 /* WeatherLocation.m */ = {isa = PBXFileReference; fileEncoding = 4; lastKnownFileType = sourcecode.c.objc; path = WeatherLocation.m; sourceTree = "<group>"; };
		E4BAFA831A0BA707003BB807 /* NSUserDefaults+RegisterSettings.h */ = {isa = PBXFileReference; fileEncoding = 4; lastKnownFileType = sourcecode.c.h; name = "NSUserDefaults+RegisterSettings.h"; path = "MobileWeather/NSUserDefaults+RegisterSettings.h"; sourceTree = SOURCE_ROOT; };
		E4BAFA841A0BA707003BB807 /* NSUserDefaults+RegisterSettings.m */ = {isa = PBXFileReference; fileEncoding = 4; lastKnownFileType = sourcecode.c.objc; name = "NSUserDefaults+RegisterSettings.m"; path = "MobileWeather/NSUserDefaults+RegisterSettings.m"; sourceTree = SOURCE_ROOT; };
		E4BD7AEB1B02338C006BE23B /* NSBundle+Language.h */ = {isa = PBXFileReference; fileEncoding = 4; lastKnownFileType = sourcecode.c.h; name = "NSBundle+Language.h"; path = "MobileWeather/NSBundle+Language.h"; sourceTree = SOURCE_ROOT; };
		E4BD7AEC1B02338C006BE23B /* NSBundle+Language.m */ = {isa = PBXFileReference; fileEncoding = 4; lastKnownFileType = sourcecode.c.objc; name = "NSBundle+Language.m"; path = "MobileWeather/NSBundle+Language.m"; sourceTree = SOURCE_ROOT; };
		E4BD7AEE1B023A2C006BE23B /* Localization.m */ = {isa = PBXFileReference; fileEncoding = 4; lastKnownFileType = sourcecode.c.objc; path = Localization.m; sourceTree = "<group>"; };
		E4BD7AEF1B023A2C006BE23B /* Localization.h */ = {isa = PBXFileReference; fileEncoding = 4; lastKnownFileType = sourcecode.c.h; path = Localization.h; sourceTree = "<group>"; };
		E4C5B2DC1AEE248C0056E934 /* EnumType.h */ = {isa = PBXFileReference; fileEncoding = 4; lastKnownFileType = sourcecode.c.h; name = EnumType.h; path = MobileWeather/EnumType.h; sourceTree = SOURCE_ROOT; };
		E4C5B2DD1AEE248C0056E934 /* EnumType.m */ = {isa = PBXFileReference; fileEncoding = 4; lastKnownFileType = sourcecode.c.objc; name = EnumType.m; path = MobileWeather/EnumType.m; sourceTree = SOURCE_ROOT; };
		E4C5B2DF1AEE24AC0056E934 /* WeatherLanguage.h */ = {isa = PBXFileReference; fileEncoding = 4; lastKnownFileType = sourcecode.c.h; path = WeatherLanguage.h; sourceTree = "<group>"; };
		E4C5B2E01AEE24AC0056E934 /* WeatherLanguage.m */ = {isa = PBXFileReference; fileEncoding = 4; lastKnownFileType = sourcecode.c.objc; path = WeatherLanguage.m; sourceTree = "<group>"; };
		E4E3EC5F1B6F59A9000F3DBF /* fr */ = {isa = PBXFileReference; fileEncoding = 4; lastKnownFileType = text.plist.strings; name = fr; path = fr.lproj/InfoPlist.strings; sourceTree = "<group>"; };
		E4E3EC601B6F59A9000F3DBF /* fr */ = {isa = PBXFileReference; lastKnownFileType = text.plist.strings; name = fr; path = fr.lproj/Localizable.strings; sourceTree = "<group>"; };
		E4E3EC611B6F59A9000F3DBF /* fr */ = {isa = PBXFileReference; lastKnownFileType = text.xml; name = fr; path = fr.lproj/Localizable.stringsdict; sourceTree = "<group>"; };
		E5FAE7A71ACD04B5A73D580C /* Pods_MobileWeather.framework */ = {isa = PBXFileReference; explicitFileType = wrapper.framework; includeInIndex = 0; path = Pods_MobileWeather.framework; sourceTree = BUILT_PRODUCTS_DIR; };
		E9AF3AB518A562B7006F466F /* Notifications.h */ = {isa = PBXFileReference; fileEncoding = 4; lastKnownFileType = sourcecode.c.h; path = Notifications.h; sourceTree = "<group>"; };
		FB8DD2C7193E39FA00F3E936 /* CoreLocation.framework */ = {isa = PBXFileReference; lastKnownFileType = wrapper.framework; name = CoreLocation.framework; path = System/Library/Frameworks/CoreLocation.framework; sourceTree = SDKROOT; };
/* End PBXFileReference section */

/* Begin PBXFrameworksBuildPhase section */
		1E555E2E18466B6500B143B4 /* Frameworks */ = {
			isa = PBXFrameworksBuildPhase;
			buildActionMask = 2147483647;
			files = (
				FB8DD2C8193E39FA00F3E936 /* CoreLocation.framework in Frameworks */,
				1E555E3918466B6500B143B4 /* UIKit.framework in Frameworks */,
				1E555E3518466B6500B143B4 /* Foundation.framework in Frameworks */,
				AA62726DBC705DF2AB93C537 /* Pods_MobileWeather.framework in Frameworks */,
			);
			runOnlyForDeploymentPostprocessing = 0;
		};
/* End PBXFrameworksBuildPhase section */

/* Begin PBXGroup section */
		1E555E2818466B6500B143B4 = {
			isa = PBXGroup;
			children = (
				6EF1FC561CF5EF3F009BE8E9 /* SmartDeviceLinkService.h */,
				6EF1FC571CF5EF3F009BE8E9 /* SmartDeviceLinkService.m */,
				1E555E3A18466B6500B143B4 /* MobileWeather */,
				1E555E3318466B6500B143B4 /* Frameworks */,
				1E555E3218466B6500B143B4 /* Products */,
				ACA98BA4794368CA002C5DC3 /* Pods */,
			);
			sourceTree = "<group>";
		};
		1E555E3218466B6500B143B4 /* Products */ = {
			isa = PBXGroup;
			children = (
				1E555E3118466B6500B143B4 /* MobileWeather.app */,
			);
			name = Products;
			sourceTree = "<group>";
		};
		1E555E3318466B6500B143B4 /* Frameworks */ = {
			isa = PBXGroup;
			children = (
				FB8DD2C7193E39FA00F3E936 /* CoreLocation.framework */,
				1E555E3418466B6500B143B4 /* Foundation.framework */,
				1E555E3818466B6500B143B4 /* UIKit.framework */,
				E5FAE7A71ACD04B5A73D580C /* Pods_MobileWeather.framework */,
			);
			name = Frameworks;
			sourceTree = "<group>";
		};
		1E555E3A18466B6500B143B4 /* MobileWeather */ = {
			isa = PBXGroup;
			children = (
				5DB7EDC71D89CC0C00B62BB7 /* Utilities */,
				E45EADF41AE92D9B0046D883 /* Localization */,
				E491A6FF19F7C17200F82A4D /* Application */,
				E491A70219F7C60500F82A4D /* UI */,
				E48C4DAC19FE918F00A90448 /* Location */,
				E48C4D8E19FE706F00A90448 /* Weather */,
				5DC0B72B2182466A00E1B317 /* Supporting Files */,
			);
			path = MobileWeather;
			sourceTree = "<group>";
		};
		5DB7EDC71D89CC0C00B62BB7 /* Utilities */ = {
			isa = PBXGroup;
			children = (
				E4C5B2DC1AEE248C0056E934 /* EnumType.h */,
				E4C5B2DD1AEE248C0056E934 /* EnumType.m */,
				E4BAFA831A0BA707003BB807 /* NSUserDefaults+RegisterSettings.h */,
				E4BAFA841A0BA707003BB807 /* NSUserDefaults+RegisterSettings.m */,
				E4BD7AEB1B02338C006BE23B /* NSBundle+Language.h */,
				E4BD7AEC1B02338C006BE23B /* NSBundle+Language.m */,
			);
			name = Utilities;
			sourceTree = "<group>";
		};
		5DC0B72B2182466A00E1B317 /* Supporting Files */ = {
			isa = PBXGroup;
			children = (
				5DB7EDCA1D89CC3800B62BB7 /* Images.xcassets */,
				5DB7EDC81D89CC2C00B62BB7 /* Settings.bundle */,
				E427582D1A0B75C000AA42B1 /* main.m */,
				E427582E1A0B75C000AA42B1 /* Info.plist */,
				4A55CAF924C76D35008065DA /* Launch.storyboard */,
			);
			name = "Supporting Files";
			sourceTree = "<group>";
		};
		ACA98BA4794368CA002C5DC3 /* Pods */ = {
			isa = PBXGroup;
			children = (
				C407ED364EBBDDB306D541A8 /* Pods-MobileWeather.debug.xcconfig */,
				56FBAA80C3ED8E16429896CD /* Pods-MobileWeather.release.xcconfig */,
			);
			name = Pods;
			sourceTree = "<group>";
		};
		E42CD7301A41A99E00C51CAA /* Data */ = {
			isa = PBXGroup;
			children = (
				E48C4D9719FE7DAF00A90448 /* AlertType.h */,
				E44F82401A7F84E10055AD77 /* AlertType.m */,
				E48C4D9B19FE7E3000A90448 /* RoadConditions.h */,
				E44F82441A7F86D20055AD77 /* RoadConditions.m */,
				E48C4D9419FE7D1400A90448 /* Alert.h */,
				E48C4D9519FE7D1400A90448 /* Alert.m */,
				E48C4D9119FE7CAF00A90448 /* Forecast.h */,
				E48C4D9219FE7CAF00A90448 /* Forecast.m */,
				E48C4DA119FE7E9E00A90448 /* WeatherConditions.h */,
				E48C4DA219FE7E9E00A90448 /* WeatherConditions.m */,
				E4059D6019FF7D4800C9996D /* WeatherDataManager.h */,
				E4059D6119FF7D4800C9996D /* WeatherDataManager.m */,
				E4C5B2DF1AEE24AC0056E934 /* WeatherLanguage.h */,
				E4C5B2E01AEE24AC0056E934 /* WeatherLanguage.m */,
			);
			name = Data;
			sourceTree = "<group>";
		};
		E42CD7311A41A9C300C51CAA /* Unit */ = {
			isa = PBXGroup;
			children = (
				E4059D7B19FFC9CC00C9996D /* UnitType.h */,
				E4780C201A35E6D200B194E7 /* UnitConverter.h */,
				E4780C211A35E6D200B194E7 /* UnitConverter.m */,
				E477F2531A8B526E0028B59C /* UnitNumber.h */,
				E477F2541A8B526E0028B59C /* UnitNumber.m */,
				E477F2561A8B567E0028B59C /* LengthNumber.h */,
				E477F2571A8B567E0028B59C /* LengthNumber.m */,
				E477F2591A8B56860028B59C /* SpeedNumber.h */,
				E477F25A1A8B56860028B59C /* SpeedNumber.m */,
				E477F25C1A8B568F0028B59C /* TemperatureNumber.h */,
				E477F25D1A8B568F0028B59C /* TemperatureNumber.m */,
				E477F25F1A8B79020028B59C /* PercentageNumber.h */,
				E477F2601A8B79020028B59C /* PercentageNumber.m */,
			);
			name = Unit;
			sourceTree = "<group>";
		};
		E45EADF41AE92D9B0046D883 /* Localization */ = {
			isa = PBXGroup;
			children = (
				E4BD7AEF1B023A2C006BE23B /* Localization.h */,
				E4BD7AEE1B023A2C006BE23B /* Localization.m */,
				E45EADFE1AE932AA0046D883 /* InfoPlist.strings */,
				E44272FD1B00A5FC0018EA4F /* Localizable.strings */,
				E43D8D5F1B32E50D00FB8717 /* Localizable.stringsdict */,
			);
			name = Localization;
			sourceTree = "<group>";
		};
		E48C4D8D19FE705000A90448 /* DarkSky */ = {
			isa = PBXGroup;
			children = (
				E4059D7819FFC21500C9996D /* DarkSkyProcessor.h */,
				E4059D7919FFC21500C9996D /* DarkSkyProcessor.m */,
				E4059D6619FF8AF500C9996D /* DarkSkyService.h */,
				E4059D6719FF8AF500C9996D /* DarkSkyService.m */,
			);
			name = DarkSky;
			sourceTree = "<group>";
		};
		E48C4D8E19FE706F00A90448 /* Weather */ = {
			isa = PBXGroup;
			children = (
				E42CD7311A41A9C300C51CAA /* Unit */,
				E42CD7301A41A99E00C51CAA /* Data */,
				E48C4D8D19FE705000A90448 /* DarkSky */,
				E48C4D9019FE708400A90448 /* Generic */,
			);
			name = Weather;
			sourceTree = "<group>";
		};
		E48C4D9019FE708400A90448 /* Generic */ = {
			isa = PBXGroup;
			children = (
				E48C4DA519FE840800A90448 /* ImageProcessor.h */,
				E48C4DA619FE840800A90448 /* ImageProcessor.m */,
				E48C4DAB19FE8D4C00A90448 /* WeatherProcessor.h */,
				E4059D6319FF7DA900C9996D /* WeatherService.h */,
				E4059D6419FF7DA900C9996D /* WeatherService.m */,
			);
			name = Generic;
			sourceTree = "<group>";
		};
		E48C4DAC19FE918F00A90448 /* Location */ = {
			isa = PBXGroup;
			children = (
				E48C4DAE19FE922300A90448 /* LocationService.h */,
				E48C4DAF19FE922300A90448 /* LocationService.m */,
				E48C4DB119FE970100A90448 /* WeatherLocation.h */,
				E48C4DB219FE970100A90448 /* WeatherLocation.m */,
			);
			name = Location;
			sourceTree = "<group>";
		};
		E491A6FF19F7C17200F82A4D /* Application */ = {
			isa = PBXGroup;
			children = (
				E9AF3AB518A562B7006F466F /* Notifications.h */,
				E4615C141A0CB42C0074A3A8 /* Notifications.m */,
				1E555E4318466B6500B143B4 /* AppDelegate.h */,
				1E555E4418466B6500B143B4 /* AppDelegate.m */,
				E42B44311A655D3000D6C6A7 /* Settings.h */,
			);
			name = Application;
			sourceTree = "<group>";
		};
		E491A70219F7C60500F82A4D /* UI */ = {
			isa = PBXGroup;
			children = (
				1E555E4918466B6500B143B4 /* MainViewController.h */,
				1E555E4A18466B6500B143B4 /* MainViewController.m */,
				E436919919F556D800678C1D /* Main.storyboard */,
			);
			name = UI;
			sourceTree = "<group>";
		};
/* End PBXGroup section */

/* Begin PBXNativeTarget section */
		1E555E3018466B6500B143B4 /* MobileWeather */ = {
			isa = PBXNativeTarget;
			buildConfigurationList = 1E555E6318466B6500B143B4 /* Build configuration list for PBXNativeTarget "MobileWeather" */;
			buildPhases = (
				02132F524A32751BB3DA5772 /* [CP] Check Pods Manifest.lock */,
				1E555E2D18466B6500B143B4 /* Sources */,
				1E555E2E18466B6500B143B4 /* Frameworks */,
				1E555E2F18466B6500B143B4 /* Resources */,
				E410DDBF1B441709008F1F0E /* Embed Frameworks */,
				F5F9E58BB96BD000574644DE /* [CP] Embed Pods Frameworks */,
			);
			buildRules = (
			);
			dependencies = (
			);
			name = MobileWeather;
			productName = MobileWeather;
			productReference = 1E555E3118466B6500B143B4 /* MobileWeather.app */;
			productType = "com.apple.product-type.application";
		};
/* End PBXNativeTarget section */

/* Begin PBXProject section */
		1E555E2918466B6500B143B4 /* Project object */ = {
			isa = PBXProject;
			attributes = {
				LastUpgradeCheck = 1160;
				ORGANIZATIONNAME = Ford;
				TargetAttributes = {
					1E555E3018466B6500B143B4 = {
						DevelopmentTeam = NCVC2MHU7M;
						ProvisioningStyle = Automatic;
						SystemCapabilities = {
							com.apple.BackgroundModes = {
								enabled = 1;
							};
							com.apple.WAC = {
								enabled = 0;
							};
						};
					};
				};
			};
			buildConfigurationList = 1E555E2C18466B6500B143B4 /* Build configuration list for PBXProject "MobileWeather" */;
			compatibilityVersion = "Xcode 3.2";
			developmentRegion = English;
			hasScannedForEncodings = 0;
			knownRegions = (
				English,
				en,
				de,
				es,
				pt,
				fr,
			);
			mainGroup = 1E555E2818466B6500B143B4;
			productRefGroup = 1E555E3218466B6500B143B4 /* Products */;
			projectDirPath = "";
			projectRoot = "";
			targets = (
				1E555E3018466B6500B143B4 /* MobileWeather */,
			);
		};
/* End PBXProject section */

/* Begin PBXResourcesBuildPhase section */
		1E555E2F18466B6500B143B4 /* Resources */ = {
			isa = PBXResourcesBuildPhase;
			buildActionMask = 2147483647;
			files = (
				E45EADFC1AE932AA0046D883 /* InfoPlist.strings in Resources */,
				E44272FB1B00A5FC0018EA4F /* Localizable.strings in Resources */,
				5DB7EDCB1D89CC3800B62BB7 /* Images.xcassets in Resources */,
				E436919A19F556D800678C1D /* Main.storyboard in Resources */,
				4A55CAFA24C76D35008065DA /* Launch.storyboard in Resources */,
				E43D8D5D1B32E50D00FB8717 /* Localizable.stringsdict in Resources */,
				5DB7EDC91D89CC2C00B62BB7 /* Settings.bundle in Resources */,
			);
			runOnlyForDeploymentPostprocessing = 0;
		};
/* End PBXResourcesBuildPhase section */

/* Begin PBXShellScriptBuildPhase section */
		02132F524A32751BB3DA5772 /* [CP] Check Pods Manifest.lock */ = {
			isa = PBXShellScriptBuildPhase;
			buildActionMask = 2147483647;
			files = (
			);
			inputPaths = (
				"${PODS_PODFILE_DIR_PATH}/Podfile.lock",
				"${PODS_ROOT}/Manifest.lock",
			);
			name = "[CP] Check Pods Manifest.lock";
			outputPaths = (
				"$(DERIVED_FILE_DIR)/Pods-MobileWeather-checkManifestLockResult.txt",
			);
			runOnlyForDeploymentPostprocessing = 0;
			shellPath = /bin/sh;
			shellScript = "diff \"${PODS_PODFILE_DIR_PATH}/Podfile.lock\" \"${PODS_ROOT}/Manifest.lock\" > /dev/null\nif [ $? != 0 ] ; then\n    # print error to STDERR\n    echo \"error: The sandbox is not in sync with the Podfile.lock. Run 'pod install' or update your CocoaPods installation.\" >&2\n    exit 1\nfi\n# This output is used by Xcode 'outputs' to avoid re-running this script phase.\necho \"SUCCESS\" > \"${SCRIPT_OUTPUT_FILE_0}\"\n";
			showEnvVarsInLog = 0;
		};
		F5F9E58BB96BD000574644DE /* [CP] Embed Pods Frameworks */ = {
			isa = PBXShellScriptBuildPhase;
			buildActionMask = 2147483647;
			files = (
			);
			inputPaths = (
				"${PODS_ROOT}/Target Support Files/Pods-MobileWeather/Pods-MobileWeather-frameworks.sh",
				"${BUILT_PRODUCTS_DIR}/BiSON/BiSON.framework",
				"${BUILT_PRODUCTS_DIR}/SmartDeviceLink/SmartDeviceLink.framework",
			);
			name = "[CP] Embed Pods Frameworks";
			outputPaths = (
				"${TARGET_BUILD_DIR}/${FRAMEWORKS_FOLDER_PATH}/BiSON.framework",
				"${TARGET_BUILD_DIR}/${FRAMEWORKS_FOLDER_PATH}/SmartDeviceLink.framework",
			);
			runOnlyForDeploymentPostprocessing = 0;
			shellPath = /bin/sh;
			shellScript = "\"${PODS_ROOT}/Target Support Files/Pods-MobileWeather/Pods-MobileWeather-frameworks.sh\"\n";
			showEnvVarsInLog = 0;
		};
/* End PBXShellScriptBuildPhase section */

/* Begin PBXSourcesBuildPhase section */
		1E555E2D18466B6500B143B4 /* Sources */ = {
			isa = PBXSourcesBuildPhase;
			buildActionMask = 2147483647;
			files = (
				6EF1FC581CF5EF3F009BE8E9 /* SmartDeviceLinkService.m in Sources */,
				6E04EAC41CF4E55900115C2F /* Forecast.m in Sources */,
				6E04EAC31CF4E52A00115C2F /* Localization.m in Sources */,
				E4059D7A19FFC21500C9996D /* DarkSkyProcessor.m in Sources */,
				E4059D6219FF7D4800C9996D /* WeatherDataManager.m in Sources */,
				E477F2611A8B79020028B59C /* PercentageNumber.m in Sources */,
				E44F82451A7F86D20055AD77 /* RoadConditions.m in Sources */,
				E48C4DA719FE840800A90448 /* ImageProcessor.m in Sources */,
				E48C4DA319FE7E9E00A90448 /* WeatherConditions.m in Sources */,
				E4059D6819FF8AF500C9996D /* DarkSkyService.m in Sources */,
				E4780C221A35E6D200B194E7 /* UnitConverter.m in Sources */,
				E477F2551A8B526E0028B59C /* UnitNumber.m in Sources */,
				E4C5B2E11AEE24AC0056E934 /* WeatherLanguage.m in Sources */,
				E4BAFA851A0BA707003BB807 /* NSUserDefaults+RegisterSettings.m in Sources */,
				E48C4DB319FE970100A90448 /* WeatherLocation.m in Sources */,
				E4615C151A0CB42C0074A3A8 /* Notifications.m in Sources */,
				E477F25B1A8B56860028B59C /* SpeedNumber.m in Sources */,
				E4059D6519FF7DA900C9996D /* WeatherService.m in Sources */,
				E477F25E1A8B568F0028B59C /* TemperatureNumber.m in Sources */,
				1E555E4B18466B6500B143B4 /* MainViewController.m in Sources */,
				E48C4DB019FE922300A90448 /* LocationService.m in Sources */,
				1E555E4518466B6500B143B4 /* AppDelegate.m in Sources */,
				E44F82411A7F84E10055AD77 /* AlertType.m in Sources */,
				E477F2581A8B567E0028B59C /* LengthNumber.m in Sources */,
				E4C5B2DE1AEE248C0056E934 /* EnumType.m in Sources */,
				E42758301A0B75C000AA42B1 /* main.m in Sources */,
				E48C4D9619FE7D1400A90448 /* Alert.m in Sources */,
				E4BD7AED1B02338C006BE23B /* NSBundle+Language.m in Sources */,
			);
			runOnlyForDeploymentPostprocessing = 0;
		};
/* End PBXSourcesBuildPhase section */

/* Begin PBXVariantGroup section */
		E43D8D5F1B32E50D00FB8717 /* Localizable.stringsdict */ = {
			isa = PBXVariantGroup;
			children = (
				E43D8D5E1B32E50D00FB8717 /* en */,
				E43D8D601B32E51300FB8717 /* de */,
				E43FD1231B3824E800FBA9CF /* es */,
				E43FD1261B3824F000FBA9CF /* pt */,
				E4E3EC611B6F59A9000F3DBF /* fr */,
			);
			name = Localizable.stringsdict;
			sourceTree = "<group>";
		};
		E44272FD1B00A5FC0018EA4F /* Localizable.strings */ = {
			isa = PBXVariantGroup;
			children = (
				E44272FC1B00A5FC0018EA4F /* en */,
				E44272FE1B00A5FE0018EA4F /* de */,
				E43FD1221B3824E800FBA9CF /* es */,
				E43FD1251B3824F000FBA9CF /* pt */,
				E4E3EC601B6F59A9000F3DBF /* fr */,
			);
			name = Localizable.strings;
			sourceTree = "<group>";
		};
		E45EADFE1AE932AA0046D883 /* InfoPlist.strings */ = {
			isa = PBXVariantGroup;
			children = (
				E45EADFD1AE932AA0046D883 /* en */,
				E45EADFF1AE933550046D883 /* de */,
				E43FD1211B3824E800FBA9CF /* es */,
				E43FD1241B3824F000FBA9CF /* pt */,
				E4E3EC5F1B6F59A9000F3DBF /* fr */,
			);
			name = InfoPlist.strings;
			path = MobileWeather;
			sourceTree = SOURCE_ROOT;
		};
/* End PBXVariantGroup section */

/* Begin XCBuildConfiguration section */
		1E555E6118466B6500B143B4 /* Debug */ = {
			isa = XCBuildConfiguration;
			buildSettings = {
				CLANG_ANALYZER_LOCALIZABILITY_NONLOCALIZED = YES;
				CLANG_ENABLE_MODULES = YES;
				CLANG_ENABLE_OBJC_ARC = YES;
				CLANG_WARN_BLOCK_CAPTURE_AUTORELEASING = YES;
				CLANG_WARN_BOOL_CONVERSION = YES;
				CLANG_WARN_COMMA = YES;
				CLANG_WARN_CONSTANT_CONVERSION = YES;
				CLANG_WARN_DIRECT_OBJC_ISA_USAGE = YES_ERROR;
				CLANG_WARN_EMPTY_BODY = YES;
				CLANG_WARN_ENUM_CONVERSION = YES;
				CLANG_WARN_INFINITE_RECURSION = YES;
				CLANG_WARN_INT_CONVERSION = YES;
				CLANG_WARN_NON_LITERAL_NULL_CONVERSION = YES;
				CLANG_WARN_OBJC_LITERAL_CONVERSION = YES;
				CLANG_WARN_OBJC_ROOT_CLASS = YES_ERROR;
				CLANG_WARN_RANGE_LOOP_ANALYSIS = YES;
				CLANG_WARN_STRICT_PROTOTYPES = YES;
				CLANG_WARN_SUSPICIOUS_MOVE = YES;
				CLANG_WARN_UNREACHABLE_CODE = YES;
				CLANG_WARN__DUPLICATE_METHOD_MATCH = YES;
				CODE_SIGN_IDENTITY = "iPhone Developer";
				"CODE_SIGN_IDENTITY[sdk=iphoneos*]" = "iPhone Developer";
				COPY_PHASE_STRIP = NO;
				DEBUG_INFORMATION_FORMAT = "dwarf-with-dsym";
				ENABLE_STRICT_OBJC_MSGSEND = YES;
				ENABLE_TESTABILITY = YES;
				GCC_NO_COMMON_BLOCKS = YES;
				GCC_OPTIMIZATION_LEVEL = 0;
				GCC_PREPROCESSOR_DEFINITIONS = (
					"DEBUG=1",
					"$(inherited)",
				);
				GCC_WARN_64_TO_32_BIT_CONVERSION = YES;
				GCC_WARN_ABOUT_RETURN_TYPE = YES_ERROR;
				GCC_WARN_UNDECLARED_SELECTOR = YES;
				GCC_WARN_UNINITIALIZED_AUTOS = YES;
				GCC_WARN_UNUSED_FUNCTION = YES;
				GCC_WARN_UNUSED_VARIABLE = YES;
				IPHONEOS_DEPLOYMENT_TARGET = 8.0;
				ONLY_ACTIVE_ARCH = YES;
				SDKROOT = iphoneos;
				VALIDATE_PRODUCT = YES;
			};
			name = Debug;
		};
		1E555E6218466B6500B143B4 /* Release */ = {
			isa = XCBuildConfiguration;
			buildSettings = {
				CLANG_ANALYZER_LOCALIZABILITY_NONLOCALIZED = YES;
				CLANG_ENABLE_MODULES = YES;
				CLANG_ENABLE_OBJC_ARC = YES;
				CLANG_WARN_BLOCK_CAPTURE_AUTORELEASING = YES;
				CLANG_WARN_BOOL_CONVERSION = YES;
				CLANG_WARN_COMMA = YES;
				CLANG_WARN_CONSTANT_CONVERSION = YES;
				CLANG_WARN_DIRECT_OBJC_ISA_USAGE = YES_ERROR;
				CLANG_WARN_EMPTY_BODY = YES;
				CLANG_WARN_ENUM_CONVERSION = YES;
				CLANG_WARN_INFINITE_RECURSION = YES;
				CLANG_WARN_INT_CONVERSION = YES;
				CLANG_WARN_NON_LITERAL_NULL_CONVERSION = YES;
				CLANG_WARN_OBJC_LITERAL_CONVERSION = YES;
				CLANG_WARN_OBJC_ROOT_CLASS = YES_ERROR;
				CLANG_WARN_RANGE_LOOP_ANALYSIS = YES;
				CLANG_WARN_STRICT_PROTOTYPES = YES;
				CLANG_WARN_SUSPICIOUS_MOVE = YES;
				CLANG_WARN_UNREACHABLE_CODE = YES;
				CLANG_WARN__DUPLICATE_METHOD_MATCH = YES;
				CODE_SIGN_IDENTITY = "iPhone Developer";
				"CODE_SIGN_IDENTITY[sdk=iphoneos*]" = "iPhone Developer";
				COPY_PHASE_STRIP = NO;
				DEBUG_INFORMATION_FORMAT = "dwarf-with-dsym";
				ENABLE_NS_ASSERTIONS = NO;
				ENABLE_STRICT_OBJC_MSGSEND = YES;
				GCC_NO_COMMON_BLOCKS = YES;
				GCC_WARN_64_TO_32_BIT_CONVERSION = YES;
				GCC_WARN_ABOUT_RETURN_TYPE = YES_ERROR;
				GCC_WARN_UNDECLARED_SELECTOR = YES;
				GCC_WARN_UNINITIALIZED_AUTOS = YES;
				GCC_WARN_UNUSED_FUNCTION = YES;
				GCC_WARN_UNUSED_VARIABLE = YES;
				IPHONEOS_DEPLOYMENT_TARGET = 8.0;
				SDKROOT = iphoneos;
				VALIDATE_PRODUCT = YES;
			};
			name = Release;
		};
		1E555E6418466B6500B143B4 /* Debug */ = {
			isa = XCBuildConfiguration;
			baseConfigurationReference = C407ED364EBBDDB306D541A8 /* Pods-MobileWeather.debug.xcconfig */;
			buildSettings = {
				ALWAYS_EMBED_SWIFT_STANDARD_LIBRARIES = YES;
				ALWAYS_SEARCH_USER_PATHS = NO;
				ASSETCATALOG_COMPILER_APPICON_NAME = AppIcon;
				CODE_SIGN_IDENTITY = "iPhone Developer";
				"CODE_SIGN_IDENTITY[sdk=iphoneos*]" = "iPhone Developer";
				CODE_SIGN_RESOURCE_RULES_PATH = "$(SDKROOT)/ResourceRules.plist";
				CURRENT_PROJECT_VERSION = 1;
				DEVELOPMENT_TEAM = NCVC2MHU7M;
				GCC_PRECOMPILE_PREFIX_HEADER = YES;
				INFOPLIST_FILE = MobileWeather/Info.plist;
				IPHONEOS_DEPLOYMENT_TARGET = 9.0;
				LD_RUNPATH_SEARCH_PATHS = "$(inherited) @executable_path/Frameworks";
				PRODUCT_BUNDLE_IDENTIFIER = com.yourcompany.mobileweather;
				PRODUCT_NAME = "$(TARGET_NAME)";
				PROVISIONING_PROFILE = "";
				WRAPPER_EXTENSION = app;
			};
			name = Debug;
		};
		1E555E6518466B6500B143B4 /* Release */ = {
			isa = XCBuildConfiguration;
			baseConfigurationReference = 56FBAA80C3ED8E16429896CD /* Pods-MobileWeather.release.xcconfig */;
			buildSettings = {
				ALWAYS_SEARCH_USER_PATHS = NO;
				ASSETCATALOG_COMPILER_APPICON_NAME = AppIcon;
				CODE_SIGN_IDENTITY = "iPhone Developer";
				"CODE_SIGN_IDENTITY[sdk=iphoneos*]" = "iPhone Developer";
				CODE_SIGN_RESOURCE_RULES_PATH = "$(SDKROOT)/ResourceRules.plist";
				CURRENT_PROJECT_VERSION = 1;
				DEVELOPMENT_TEAM = NCVC2MHU7M;
				GCC_PRECOMPILE_PREFIX_HEADER = YES;
				INFOPLIST_FILE = MobileWeather/Info.plist;
				IPHONEOS_DEPLOYMENT_TARGET = 9.0;
				LD_RUNPATH_SEARCH_PATHS = "$(inherited) @executable_path/Frameworks";
				PRODUCT_BUNDLE_IDENTIFIER = com.yourcompany.mobileweather;
				PRODUCT_NAME = "$(TARGET_NAME)";
				PROVISIONING_PROFILE = "";
				WRAPPER_EXTENSION = app;
			};
			name = Release;
		};
/* End XCBuildConfiguration section */

/* Begin XCConfigurationList section */
		1E555E2C18466B6500B143B4 /* Build configuration list for PBXProject "MobileWeather" */ = {
			isa = XCConfigurationList;
			buildConfigurations = (
				1E555E6118466B6500B143B4 /* Debug */,
				1E555E6218466B6500B143B4 /* Release */,
			);
			defaultConfigurationIsVisible = 0;
			defaultConfigurationName = Release;
		};
		1E555E6318466B6500B143B4 /* Build configuration list for PBXNativeTarget "MobileWeather" */ = {
			isa = XCConfigurationList;
			buildConfigurations = (
				1E555E6418466B6500B143B4 /* Debug */,
				1E555E6518466B6500B143B4 /* Release */,
			);
			defaultConfigurationIsVisible = 0;
			defaultConfigurationName = Release;
		};
/* End XCConfigurationList section */
	};
	rootObject = 1E555E2918466B6500B143B4 /* Project object */;
}
