// !$*UTF8*$!
{
	archiveVersion = 1;
	classes = {
	};
	objectVersion = 46;
	objects = {

/* Begin PBXBuildFile section */
		1E555E3518466B6500B143B4 /* Foundation.framework in Frameworks */ = {isa = PBXBuildFile; fileRef = 1E555E3418466B6500B143B4 /* Foundation.framework */; };
		1E555E3918466B6500B143B4 /* UIKit.framework in Frameworks */ = {isa = PBXBuildFile; fileRef = 1E555E3818466B6500B143B4 /* UIKit.framework */; };
		4A0211082746D30800C9FA80 /* CurrentWeatherSDLViewModel.swift in Sources */ = {isa = PBXBuildFile; fileRef = 4A0211072746D30800C9FA80 /* CurrentWeatherSDLViewModel.swift */; };
		4A02110A2746D61B00C9FA80 /* WeatherSDLViewModelType.swift in Sources */ = {isa = PBXBuildFile; fileRef = 4A0211092746D61B00C9FA80 /* WeatherSDLViewModelType.swift */; };
		4A02110C2746D63D00C9FA80 /* DailyWeatherSDLViewModel.swift in Sources */ = {isa = PBXBuildFile; fileRef = 4A02110B2746D63D00C9FA80 /* DailyWeatherSDLViewModel.swift */; };
		4A02110E2746D7C200C9FA80 /* HourlyWeatherSDLViewModel.swift in Sources */ = {isa = PBXBuildFile; fileRef = 4A02110D2746D7C200C9FA80 /* HourlyWeatherSDLViewModel.swift */; };
		4A0211102746DB0500C9FA80 /* WeatherAlertSDLViewModel.swift in Sources */ = {isa = PBXBuildFile; fileRef = 4A02110F2746DB0500C9FA80 /* WeatherAlertSDLViewModel.swift */; };
		4A491134266E755E00A2E06D /* CurrentForecast.swift in Sources */ = {isa = PBXBuildFile; fileRef = 4A49112D266E68D300A2E06D /* CurrentForecast.swift */; };
		4A491145266E9F9B00A2E06D /* WeatherAlert.swift in Sources */ = {isa = PBXBuildFile; fileRef = 4A491144266E9F9B00A2E06D /* WeatherAlert.swift */; };
		4A491147266EAA8800A2E06D /* HourlyForecast.swift in Sources */ = {isa = PBXBuildFile; fileRef = 4A491146266EAA8800A2E06D /* HourlyForecast.swift */; };
		4A49114A266EAE4600A2E06D /* WeatherService.swift in Sources */ = {isa = PBXBuildFile; fileRef = 4A491149266EAE4600A2E06D /* WeatherService.swift */; };
		4A49114B266EAEC000A2E06D /* WeatherLocation.swift in Sources */ = {isa = PBXBuildFile; fileRef = 4A491113266E4F8800A2E06D /* WeatherLocation.swift */; };
		4A49114C266EB02D00A2E06D /* LocationService.swift in Sources */ = {isa = PBXBuildFile; fileRef = 4A491115266E4FE700A2E06D /* LocationService.swift */; };
		4A492C0327837DC6002FE55C /* WeatherDataWrapper.swift in Sources */ = {isa = PBXBuildFile; fileRef = 4A492C0227837DC6002FE55C /* WeatherDataWrapper.swift */; };
		4A4EBD1827429FC200F1F325 /* WeatherSDLManager+SoftButtons.swift in Sources */ = {isa = PBXBuildFile; fileRef = 4A4EBD1727429FC200F1F325 /* WeatherSDLManager+SoftButtons.swift */; };
		4A4EBD1D2742CAD300F1F325 /* WeatherSDLListType.swift in Sources */ = {isa = PBXBuildFile; fileRef = 4A4EBD1C2742CAD300F1F325 /* WeatherSDLListType.swift */; };
		4A4EBD1F2742D62100F1F325 /* DailyForecastSDLList.swift in Sources */ = {isa = PBXBuildFile; fileRef = 4A4EBD1E2742D62100F1F325 /* DailyForecastSDLList.swift */; };
		4A4EBD212742EC4D00F1F325 /* HourlyForecastSDLList.swift in Sources */ = {isa = PBXBuildFile; fileRef = 4A4EBD202742EC4D00F1F325 /* HourlyForecastSDLList.swift */; };
		4A4EBD232742FFAB00F1F325 /* WeatherAlertsSDLList.swift in Sources */ = {isa = PBXBuildFile; fileRef = 4A4EBD222742FFAB00F1F325 /* WeatherAlertsSDLList.swift */; };
		4A50123C26F4DC770012B7DD /* Preferences.swift in Sources */ = {isa = PBXBuildFile; fileRef = 4A50123B26F4DC770012B7DD /* Preferences.swift */; };
		4A50124126F4F2FA0012B7DD /* OpenWeatherService.swift in Sources */ = {isa = PBXBuildFile; fileRef = 4A50124026F4F2FA0012B7DD /* OpenWeatherService.swift */; };
		4A50124326F50ABF0012B7DD /* WeatherData.swift in Sources */ = {isa = PBXBuildFile; fileRef = 4A50124226F50ABF0012B7DD /* WeatherData.swift */; };
		4A50124526F50B140012B7DD /* MinutelyForecast.swift in Sources */ = {isa = PBXBuildFile; fileRef = 4A50124426F50B140012B7DD /* MinutelyForecast.swift */; };
		4A55CAFA24C76D35008065DA /* Launch.storyboard in Resources */ = {isa = PBXBuildFile; fileRef = 4A55CAF924C76D35008065DA /* Launch.storyboard */; };
		4A8B1EEE273B043100FDC454 /* weather-api-response.json in Resources */ = {isa = PBXBuildFile; fileRef = 4ADBD20026FD13AF00ABB045 /* weather-api-response.json */; };
		4A8DF85226FA30C600B46E2A /* AppDelegate.swift in Sources */ = {isa = PBXBuildFile; fileRef = 4A8DF85126FA30C600B46E2A /* AppDelegate.swift */; };
		4A8DF85426FA368700B46E2A /* APIKey.swift in Sources */ = {isa = PBXBuildFile; fileRef = 4A8DF85326FA368700B46E2A /* APIKey.swift */; };
		4A8DF85626FA377C00B46E2A /* WeatherView.swift in Sources */ = {isa = PBXBuildFile; fileRef = 4A8DF85526FA377C00B46E2A /* WeatherView.swift */; };
		4A8DF85826FA452900B46E2A /* CurrentConditionsView.swift in Sources */ = {isa = PBXBuildFile; fileRef = 4A8DF85726FA452900B46E2A /* CurrentConditionsView.swift */; };
		4A8DF85A26FA454600B46E2A /* HourlyConditionsView.swift in Sources */ = {isa = PBXBuildFile; fileRef = 4A8DF85926FA454600B46E2A /* HourlyConditionsView.swift */; };
		4A8DF85C26FA455100B46E2A /* DailyConditionsView.swift in Sources */ = {isa = PBXBuildFile; fileRef = 4A8DF85B26FA455100B46E2A /* DailyConditionsView.swift */; };
		4A8DF85E26FA457500B46E2A /* WeatherAlertView.swift in Sources */ = {isa = PBXBuildFile; fileRef = 4A8DF85D26FA457500B46E2A /* WeatherAlertView.swift */; };
		4A8DF86026FA487400B46E2A /* SettingsView.swift in Sources */ = {isa = PBXBuildFile; fileRef = 4A8DF85F26FA487400B46E2A /* SettingsView.swift */; };
		4A8DF86226FA58A500B46E2A /* SceneDelegate.swift in Sources */ = {isa = PBXBuildFile; fileRef = 4A8DF86126FA58A500B46E2A /* SceneDelegate.swift */; };
		4AA93143275E95ED001A0EE8 /* HourForecastWidgetView.swift in Sources */ = {isa = PBXBuildFile; fileRef = 4AA93141275E959D001A0EE8 /* HourForecastWidgetView.swift */; };
		4AA93145275EA537001A0EE8 /* WeatherService.swift in Sources */ = {isa = PBXBuildFile; fileRef = 4A491149266EAE4600A2E06D /* WeatherService.swift */; };
		4AA93146275EA826001A0EE8 /* OpenWeatherService.swift in Sources */ = {isa = PBXBuildFile; fileRef = 4A50124026F4F2FA0012B7DD /* OpenWeatherService.swift */; };
		4AA93147275EA832001A0EE8 /* LocationService.swift in Sources */ = {isa = PBXBuildFile; fileRef = 4A491115266E4FE700A2E06D /* LocationService.swift */; };
		4AA93148275EA848001A0EE8 /* APIKey.swift in Sources */ = {isa = PBXBuildFile; fileRef = 4A8DF85326FA368700B46E2A /* APIKey.swift */; };
		4AA93149275EA84F001A0EE8 /* WeatherLocation.swift in Sources */ = {isa = PBXBuildFile; fileRef = 4A491113266E4F8800A2E06D /* WeatherLocation.swift */; };
		4AA9314C275EAD70001A0EE8 /* SDLWeatherWidgetEntryView.swift in Sources */ = {isa = PBXBuildFile; fileRef = 4AA9314A275EAD4E001A0EE8 /* SDLWeatherWidgetEntryView.swift */; };
		4ABBCB43273C1FE40020D974 /* DailyForecast.swift in Sources */ = {isa = PBXBuildFile; fileRef = 4ABBCB42273C1FE40020D974 /* DailyForecast.swift */; };
		4ABBCB45273C64B40020D974 /* WeatherImage.swift in Sources */ = {isa = PBXBuildFile; fileRef = 4ABBCB44273C64B40020D974 /* WeatherImage.swift */; };
		4ABBCB48273EAC870020D974 /* WeatherSDLManager.swift in Sources */ = {isa = PBXBuildFile; fileRef = 4ABBCB47273EAC870020D974 /* WeatherSDLManager.swift */; };
		4ABBCB4A273ECFE80020D974 /* WeatherSDLManager+Menu.swift in Sources */ = {isa = PBXBuildFile; fileRef = 4ABBCB49273ECFE80020D974 /* WeatherSDLManager+Menu.swift */; };
		4AC868A227834DB9007579D5 /* WeatherDataTimelineProvider.swift in Sources */ = {isa = PBXBuildFile; fileRef = 4AC868A027834B5A007579D5 /* WeatherDataTimelineProvider.swift */; };
		4AFFBD4727595A7F002F2EA8 /* HourForecastView.swift in Sources */ = {isa = PBXBuildFile; fileRef = 4AFFBD4627595A7F002F2EA8 /* HourForecastView.swift */; };
		4AFFBD4927595A88002F2EA8 /* DayForecastView.swift in Sources */ = {isa = PBXBuildFile; fileRef = 4AFFBD4827595A88002F2EA8 /* DayForecastView.swift */; };
		4AFFBD4B275A735D002F2EA8 /* WeatherImageView.swift in Sources */ = {isa = PBXBuildFile; fileRef = 4AFFBD4A275A735D002F2EA8 /* WeatherImageView.swift */; };
		4AFFBD5B275E5706002F2EA8 /* WidgetKit.framework in Frameworks */ = {isa = PBXBuildFile; fileRef = 4AFFBD5A275E5706002F2EA8 /* WidgetKit.framework */; };
		4AFFBD5D275E5706002F2EA8 /* SwiftUI.framework in Frameworks */ = {isa = PBXBuildFile; fileRef = 4AFFBD5C275E5706002F2EA8 /* SwiftUI.framework */; };
		4AFFBD60275E5706002F2EA8 /* SDL_Weather_Widget.swift in Sources */ = {isa = PBXBuildFile; fileRef = 4AFFBD5F275E5706002F2EA8 /* SDL_Weather_Widget.swift */; };
		4AFFBD63275E5707002F2EA8 /* Assets.xcassets in Resources */ = {isa = PBXBuildFile; fileRef = 4AFFBD62275E5707002F2EA8 /* Assets.xcassets */; };
		4AFFBD65275E5707002F2EA8 /* SDL_Weather_Widget.intentdefinition in Sources */ = {isa = PBXBuildFile; fileRef = 4AFFBD61275E5706002F2EA8 /* SDL_Weather_Widget.intentdefinition */; };
		4AFFBD66275E5707002F2EA8 /* SDL_Weather_Widget.intentdefinition in Sources */ = {isa = PBXBuildFile; fileRef = 4AFFBD61275E5706002F2EA8 /* SDL_Weather_Widget.intentdefinition */; };
		4AFFBD69275E5707002F2EA8 /* SDL Weather WidgetExtension.appex in Embed App Extensions */ = {isa = PBXBuildFile; fileRef = 4AFFBD59275E5706002F2EA8 /* SDL Weather WidgetExtension.appex */; settings = {ATTRIBUTES = (RemoveHeadersOnCopy, ); }; };
		4AFFBD6E275E6B89002F2EA8 /* WeatherData.swift in Sources */ = {isa = PBXBuildFile; fileRef = 4A50124226F50ABF0012B7DD /* WeatherData.swift */; };
		4AFFBD6F275E6E70002F2EA8 /* WeatherAlert.swift in Sources */ = {isa = PBXBuildFile; fileRef = 4A491144266E9F9B00A2E06D /* WeatherAlert.swift */; };
		4AFFBD70275E6E73002F2EA8 /* DailyForecast.swift in Sources */ = {isa = PBXBuildFile; fileRef = 4ABBCB42273C1FE40020D974 /* DailyForecast.swift */; };
		4AFFBD71275E6E73002F2EA8 /* CurrentForecast.swift in Sources */ = {isa = PBXBuildFile; fileRef = 4A49112D266E68D300A2E06D /* CurrentForecast.swift */; };
		4AFFBD72275E6E74002F2EA8 /* MinutelyForecast.swift in Sources */ = {isa = PBXBuildFile; fileRef = 4A50124426F50B140012B7DD /* MinutelyForecast.swift */; };
		4AFFBD73275E6E74002F2EA8 /* HourlyForecast.swift in Sources */ = {isa = PBXBuildFile; fileRef = 4A491146266EAA8800A2E06D /* HourlyForecast.swift */; };
		4AFFBD74275E7027002F2EA8 /* WeatherImage.swift in Sources */ = {isa = PBXBuildFile; fileRef = 4ABBCB44273C64B40020D974 /* WeatherImage.swift */; };
		4AFFBD76275E7259002F2EA8 /* WeatherImage+SDLExtensions.swift in Sources */ = {isa = PBXBuildFile; fileRef = 4AFFBD75275E7259002F2EA8 /* WeatherImage+SDLExtensions.swift */; };
		4AFFBD77275E754B002F2EA8 /* WeatherImageView.swift in Sources */ = {isa = PBXBuildFile; fileRef = 4AFFBD4A275A735D002F2EA8 /* WeatherImageView.swift */; };
		4AFFBD7A275E7A5F002F2EA8 /* DayForecastView.swift in Sources */ = {isa = PBXBuildFile; fileRef = 4AFFBD4827595A88002F2EA8 /* DayForecastView.swift */; };
		4AFFBD7E275E7AD3002F2EA8 /* WeatherFormatter.swift in Sources */ = {isa = PBXBuildFile; fileRef = 4AFFBD7D275E7AD3002F2EA8 /* WeatherFormatter.swift */; };
		4AFFBD7F275E7B1C002F2EA8 /* WeatherFormatter.swift in Sources */ = {isa = PBXBuildFile; fileRef = 4AFFBD7D275E7AD3002F2EA8 /* WeatherFormatter.swift */; };
		5DB7EDC91D89CC2C00B62BB7 /* Settings.bundle in Resources */ = {isa = PBXBuildFile; fileRef = 5DB7EDC81D89CC2C00B62BB7 /* Settings.bundle */; };
		5DB7EDCB1D89CC3800B62BB7 /* Images.xcassets in Resources */ = {isa = PBXBuildFile; fileRef = 5DB7EDCA1D89CC3800B62BB7 /* Images.xcassets */; };
		AA62726DBC705DF2AB93C537 /* Pods_MobileWeather.framework in Frameworks */ = {isa = PBXBuildFile; fileRef = E5FAE7A71ACD04B5A73D580C /* Pods_MobileWeather.framework */; };
		FB8DD2C8193E39FA00F3E936 /* CoreLocation.framework in Frameworks */ = {isa = PBXBuildFile; fileRef = FB8DD2C7193E39FA00F3E936 /* CoreLocation.framework */; };
/* End PBXBuildFile section */

/* Begin PBXContainerItemProxy section */
		4AFFBD67275E5707002F2EA8 /* PBXContainerItemProxy */ = {
			isa = PBXContainerItemProxy;
			containerPortal = 1E555E2918466B6500B143B4 /* Project object */;
			proxyType = 1;
			remoteGlobalIDString = 4AFFBD58275E5706002F2EA8;
			remoteInfo = "SDL Weather WidgetExtension";
		};
/* End PBXContainerItemProxy section */

/* Begin PBXCopyFilesBuildPhase section */
		4AFFBD6A275E5707002F2EA8 /* Embed App Extensions */ = {
			isa = PBXCopyFilesBuildPhase;
			buildActionMask = 2147483647;
			dstPath = "";
			dstSubfolderSpec = 13;
			files = (
				4AFFBD69275E5707002F2EA8 /* SDL Weather WidgetExtension.appex in Embed App Extensions */,
			);
			name = "Embed App Extensions";
			runOnlyForDeploymentPostprocessing = 0;
		};
		E410DDBF1B441709008F1F0E /* Embed Frameworks */ = {
			isa = PBXCopyFilesBuildPhase;
			buildActionMask = 2147483647;
			dstPath = "";
			dstSubfolderSpec = 10;
			files = (
			);
			name = "Embed Frameworks";
			runOnlyForDeploymentPostprocessing = 0;
		};
/* End PBXCopyFilesBuildPhase section */

/* Begin PBXFileReference section */
		1E555E3118466B6500B143B4 /* SDL Weather.app */ = {isa = PBXFileReference; explicitFileType = wrapper.application; includeInIndex = 0; path = "SDL Weather.app"; sourceTree = BUILT_PRODUCTS_DIR; };
		1E555E3418466B6500B143B4 /* Foundation.framework */ = {isa = PBXFileReference; lastKnownFileType = wrapper.framework; name = Foundation.framework; path = System/Library/Frameworks/Foundation.framework; sourceTree = SDKROOT; };
		1E555E3818466B6500B143B4 /* UIKit.framework */ = {isa = PBXFileReference; lastKnownFileType = wrapper.framework; name = UIKit.framework; path = System/Library/Frameworks/UIKit.framework; sourceTree = SDKROOT; };
		4A0211072746D30800C9FA80 /* CurrentWeatherSDLViewModel.swift */ = {isa = PBXFileReference; lastKnownFileType = sourcecode.swift; path = CurrentWeatherSDLViewModel.swift; sourceTree = "<group>"; };
		4A0211092746D61B00C9FA80 /* WeatherSDLViewModelType.swift */ = {isa = PBXFileReference; lastKnownFileType = sourcecode.swift; path = WeatherSDLViewModelType.swift; sourceTree = "<group>"; };
		4A02110B2746D63D00C9FA80 /* DailyWeatherSDLViewModel.swift */ = {isa = PBXFileReference; lastKnownFileType = sourcecode.swift; path = DailyWeatherSDLViewModel.swift; sourceTree = "<group>"; };
		4A02110D2746D7C200C9FA80 /* HourlyWeatherSDLViewModel.swift */ = {isa = PBXFileReference; lastKnownFileType = sourcecode.swift; path = HourlyWeatherSDLViewModel.swift; sourceTree = "<group>"; };
		4A02110F2746DB0500C9FA80 /* WeatherAlertSDLViewModel.swift */ = {isa = PBXFileReference; lastKnownFileType = sourcecode.swift; path = WeatherAlertSDLViewModel.swift; sourceTree = "<group>"; };
		4A491113266E4F8800A2E06D /* WeatherLocation.swift */ = {isa = PBXFileReference; lastKnownFileType = sourcecode.swift; path = WeatherLocation.swift; sourceTree = "<group>"; };
		4A491115266E4FE700A2E06D /* LocationService.swift */ = {isa = PBXFileReference; lastKnownFileType = sourcecode.swift; path = LocationService.swift; sourceTree = "<group>"; };
		4A49112D266E68D300A2E06D /* CurrentForecast.swift */ = {isa = PBXFileReference; lastKnownFileType = sourcecode.swift; path = CurrentForecast.swift; sourceTree = "<group>"; };
		4A491144266E9F9B00A2E06D /* WeatherAlert.swift */ = {isa = PBXFileReference; lastKnownFileType = sourcecode.swift; path = WeatherAlert.swift; sourceTree = "<group>"; };
		4A491146266EAA8800A2E06D /* HourlyForecast.swift */ = {isa = PBXFileReference; lastKnownFileType = sourcecode.swift; path = HourlyForecast.swift; sourceTree = "<group>"; };
		4A491149266EAE4600A2E06D /* WeatherService.swift */ = {isa = PBXFileReference; lastKnownFileType = sourcecode.swift; path = WeatherService.swift; sourceTree = "<group>"; };
		4A492C0227837DC6002FE55C /* WeatherDataWrapper.swift */ = {isa = PBXFileReference; lastKnownFileType = sourcecode.swift; path = WeatherDataWrapper.swift; sourceTree = "<group>"; };
		4A4EBD1727429FC200F1F325 /* WeatherSDLManager+SoftButtons.swift */ = {isa = PBXFileReference; lastKnownFileType = sourcecode.swift; path = "WeatherSDLManager+SoftButtons.swift"; sourceTree = "<group>"; };
		4A4EBD1C2742CAD300F1F325 /* WeatherSDLListType.swift */ = {isa = PBXFileReference; lastKnownFileType = sourcecode.swift; path = WeatherSDLListType.swift; sourceTree = "<group>"; };
		4A4EBD1E2742D62100F1F325 /* DailyForecastSDLList.swift */ = {isa = PBXFileReference; lastKnownFileType = sourcecode.swift; path = DailyForecastSDLList.swift; sourceTree = "<group>"; };
		4A4EBD202742EC4D00F1F325 /* HourlyForecastSDLList.swift */ = {isa = PBXFileReference; lastKnownFileType = sourcecode.swift; path = HourlyForecastSDLList.swift; sourceTree = "<group>"; };
		4A4EBD222742FFAB00F1F325 /* WeatherAlertsSDLList.swift */ = {isa = PBXFileReference; lastKnownFileType = sourcecode.swift; path = WeatherAlertsSDLList.swift; sourceTree = "<group>"; };
		4A50123B26F4DC770012B7DD /* Preferences.swift */ = {isa = PBXFileReference; lastKnownFileType = sourcecode.swift; path = Preferences.swift; sourceTree = "<group>"; };
		4A50124026F4F2FA0012B7DD /* OpenWeatherService.swift */ = {isa = PBXFileReference; lastKnownFileType = sourcecode.swift; path = OpenWeatherService.swift; sourceTree = "<group>"; };
		4A50124226F50ABF0012B7DD /* WeatherData.swift */ = {isa = PBXFileReference; lastKnownFileType = sourcecode.swift; path = WeatherData.swift; sourceTree = "<group>"; };
		4A50124426F50B140012B7DD /* MinutelyForecast.swift */ = {isa = PBXFileReference; lastKnownFileType = sourcecode.swift; path = MinutelyForecast.swift; sourceTree = "<group>"; };
		4A55CAF924C76D35008065DA /* Launch.storyboard */ = {isa = PBXFileReference; lastKnownFileType = file.storyboard; path = Launch.storyboard; sourceTree = "<group>"; };
		4A8DF85126FA30C600B46E2A /* AppDelegate.swift */ = {isa = PBXFileReference; lastKnownFileType = sourcecode.swift; path = AppDelegate.swift; sourceTree = "<group>"; };
		4A8DF85326FA368700B46E2A /* APIKey.swift */ = {isa = PBXFileReference; lastKnownFileType = sourcecode.swift; path = APIKey.swift; sourceTree = "<group>"; };
		4A8DF85526FA377C00B46E2A /* WeatherView.swift */ = {isa = PBXFileReference; lastKnownFileType = sourcecode.swift; path = WeatherView.swift; sourceTree = "<group>"; };
		4A8DF85726FA452900B46E2A /* CurrentConditionsView.swift */ = {isa = PBXFileReference; lastKnownFileType = sourcecode.swift; path = CurrentConditionsView.swift; sourceTree = "<group>"; };
		4A8DF85926FA454600B46E2A /* HourlyConditionsView.swift */ = {isa = PBXFileReference; lastKnownFileType = sourcecode.swift; path = HourlyConditionsView.swift; sourceTree = "<group>"; };
		4A8DF85B26FA455100B46E2A /* DailyConditionsView.swift */ = {isa = PBXFileReference; lastKnownFileType = sourcecode.swift; path = DailyConditionsView.swift; sourceTree = "<group>"; };
		4A8DF85D26FA457500B46E2A /* WeatherAlertView.swift */ = {isa = PBXFileReference; lastKnownFileType = sourcecode.swift; path = WeatherAlertView.swift; sourceTree = "<group>"; };
		4A8DF85F26FA487400B46E2A /* SettingsView.swift */ = {isa = PBXFileReference; lastKnownFileType = sourcecode.swift; path = SettingsView.swift; sourceTree = "<group>"; };
		4A8DF86126FA58A500B46E2A /* SceneDelegate.swift */ = {isa = PBXFileReference; lastKnownFileType = sourcecode.swift; path = SceneDelegate.swift; sourceTree = "<group>"; };
		4AA93141275E959D001A0EE8 /* HourForecastWidgetView.swift */ = {isa = PBXFileReference; lastKnownFileType = sourcecode.swift; path = HourForecastWidgetView.swift; sourceTree = "<group>"; };
		4AA9314A275EAD4E001A0EE8 /* SDLWeatherWidgetEntryView.swift */ = {isa = PBXFileReference; lastKnownFileType = sourcecode.swift; path = SDLWeatherWidgetEntryView.swift; sourceTree = "<group>"; };
		4ABBCB42273C1FE40020D974 /* DailyForecast.swift */ = {isa = PBXFileReference; lastKnownFileType = sourcecode.swift; path = DailyForecast.swift; sourceTree = "<group>"; };
		4ABBCB44273C64B40020D974 /* WeatherImage.swift */ = {isa = PBXFileReference; lastKnownFileType = sourcecode.swift; path = WeatherImage.swift; sourceTree = "<group>"; };
		4ABBCB47273EAC870020D974 /* WeatherSDLManager.swift */ = {isa = PBXFileReference; lastKnownFileType = sourcecode.swift; path = WeatherSDLManager.swift; sourceTree = "<group>"; };
		4ABBCB49273ECFE80020D974 /* WeatherSDLManager+Menu.swift */ = {isa = PBXFileReference; lastKnownFileType = sourcecode.swift; path = "WeatherSDLManager+Menu.swift"; sourceTree = "<group>"; };
		4AC868A027834B5A007579D5 /* WeatherDataTimelineProvider.swift */ = {isa = PBXFileReference; lastKnownFileType = sourcecode.swift; path = WeatherDataTimelineProvider.swift; sourceTree = "<group>"; };
		4ADBD20026FD13AF00ABB045 /* weather-api-response.json */ = {isa = PBXFileReference; lastKnownFileType = text.json; name = "weather-api-response.json"; path = "Development Assets/weather-api-response.json"; sourceTree = "<group>"; };
		4AFFBD4627595A7F002F2EA8 /* HourForecastView.swift */ = {isa = PBXFileReference; lastKnownFileType = sourcecode.swift; path = HourForecastView.swift; sourceTree = "<group>"; };
		4AFFBD4827595A88002F2EA8 /* DayForecastView.swift */ = {isa = PBXFileReference; lastKnownFileType = sourcecode.swift; path = DayForecastView.swift; sourceTree = "<group>"; };
		4AFFBD4A275A735D002F2EA8 /* WeatherImageView.swift */ = {isa = PBXFileReference; lastKnownFileType = sourcecode.swift; path = WeatherImageView.swift; sourceTree = "<group>"; };
		4AFFBD59275E5706002F2EA8 /* SDL Weather WidgetExtension.appex */ = {isa = PBXFileReference; explicitFileType = "wrapper.app-extension"; includeInIndex = 0; path = "SDL Weather WidgetExtension.appex"; sourceTree = BUILT_PRODUCTS_DIR; };
		4AFFBD5A275E5706002F2EA8 /* WidgetKit.framework */ = {isa = PBXFileReference; lastKnownFileType = wrapper.framework; name = WidgetKit.framework; path = System/Library/Frameworks/WidgetKit.framework; sourceTree = SDKROOT; };
		4AFFBD5C275E5706002F2EA8 /* SwiftUI.framework */ = {isa = PBXFileReference; lastKnownFileType = wrapper.framework; name = SwiftUI.framework; path = System/Library/Frameworks/SwiftUI.framework; sourceTree = SDKROOT; };
		4AFFBD5F275E5706002F2EA8 /* SDL_Weather_Widget.swift */ = {isa = PBXFileReference; lastKnownFileType = sourcecode.swift; path = SDL_Weather_Widget.swift; sourceTree = "<group>"; };
		4AFFBD61275E5706002F2EA8 /* SDL_Weather_Widget.intentdefinition */ = {isa = PBXFileReference; lastKnownFileType = file.intentdefinition; path = SDL_Weather_Widget.intentdefinition; sourceTree = "<group>"; };
		4AFFBD62275E5707002F2EA8 /* Assets.xcassets */ = {isa = PBXFileReference; lastKnownFileType = folder.assetcatalog; path = Assets.xcassets; sourceTree = "<group>"; };
		4AFFBD64275E5707002F2EA8 /* Info.plist */ = {isa = PBXFileReference; lastKnownFileType = text.plist.xml; path = Info.plist; sourceTree = "<group>"; };
		4AFFBD75275E7259002F2EA8 /* WeatherImage+SDLExtensions.swift */ = {isa = PBXFileReference; lastKnownFileType = sourcecode.swift; path = "WeatherImage+SDLExtensions.swift"; sourceTree = "<group>"; };
		4AFFBD7D275E7AD3002F2EA8 /* WeatherFormatter.swift */ = {isa = PBXFileReference; lastKnownFileType = sourcecode.swift; path = WeatherFormatter.swift; sourceTree = "<group>"; };
		56FBAA80C3ED8E16429896CD /* Pods-MobileWeather.release.xcconfig */ = {isa = PBXFileReference; includeInIndex = 1; lastKnownFileType = text.xcconfig; name = "Pods-MobileWeather.release.xcconfig"; path = "Pods/Target Support Files/Pods-MobileWeather/Pods-MobileWeather.release.xcconfig"; sourceTree = "<group>"; };
		5DB7EDC81D89CC2C00B62BB7 /* Settings.bundle */ = {isa = PBXFileReference; lastKnownFileType = "wrapper.plug-in"; name = Settings.bundle; path = MobileWeather/Settings.bundle; sourceTree = SOURCE_ROOT; };
		5DB7EDCA1D89CC3800B62BB7 /* Images.xcassets */ = {isa = PBXFileReference; lastKnownFileType = folder.assetcatalog; name = Images.xcassets; path = MobileWeather/Images.xcassets; sourceTree = SOURCE_ROOT; };
		C407ED364EBBDDB306D541A8 /* Pods-MobileWeather.debug.xcconfig */ = {isa = PBXFileReference; includeInIndex = 1; lastKnownFileType = text.xcconfig; name = "Pods-MobileWeather.debug.xcconfig"; path = "Pods/Target Support Files/Pods-MobileWeather/Pods-MobileWeather.debug.xcconfig"; sourceTree = "<group>"; };
		E427582E1A0B75C000AA42B1 /* Info.plist */ = {isa = PBXFileReference; fileEncoding = 4; lastKnownFileType = text.plist.xml; name = Info.plist; path = MobileWeather/Info.plist; sourceTree = SOURCE_ROOT; };
		E5FAE7A71ACD04B5A73D580C /* Pods_MobileWeather.framework */ = {isa = PBXFileReference; explicitFileType = wrapper.framework; includeInIndex = 0; path = Pods_MobileWeather.framework; sourceTree = BUILT_PRODUCTS_DIR; };
		FB8DD2C7193E39FA00F3E936 /* CoreLocation.framework */ = {isa = PBXFileReference; lastKnownFileType = wrapper.framework; name = CoreLocation.framework; path = System/Library/Frameworks/CoreLocation.framework; sourceTree = SDKROOT; };
/* End PBXFileReference section */

/* Begin PBXFrameworksBuildPhase section */
		1E555E2E18466B6500B143B4 /* Frameworks */ = {
			isa = PBXFrameworksBuildPhase;
			buildActionMask = 2147483647;
			files = (
				FB8DD2C8193E39FA00F3E936 /* CoreLocation.framework in Frameworks */,
				1E555E3918466B6500B143B4 /* UIKit.framework in Frameworks */,
				1E555E3518466B6500B143B4 /* Foundation.framework in Frameworks */,
				AA62726DBC705DF2AB93C537 /* Pods_MobileWeather.framework in Frameworks */,
			);
			runOnlyForDeploymentPostprocessing = 0;
		};
		4AFFBD56275E5706002F2EA8 /* Frameworks */ = {
			isa = PBXFrameworksBuildPhase;
			buildActionMask = 2147483647;
			files = (
				4AFFBD5D275E5706002F2EA8 /* SwiftUI.framework in Frameworks */,
				4AFFBD5B275E5706002F2EA8 /* WidgetKit.framework in Frameworks */,
			);
			runOnlyForDeploymentPostprocessing = 0;
		};
/* End PBXFrameworksBuildPhase section */

/* Begin PBXGroup section */
		1E555E2818466B6500B143B4 = {
			isa = PBXGroup;
			children = (
				1E555E3A18466B6500B143B4 /* MobileWeather */,
				4AFFBD5E275E5706002F2EA8 /* SDL Weather Widget */,
				1E555E3318466B6500B143B4 /* Frameworks */,
				1E555E3218466B6500B143B4 /* Products */,
				ACA98BA4794368CA002C5DC3 /* Pods */,
			);
			sourceTree = "<group>";
		};
		1E555E3218466B6500B143B4 /* Products */ = {
			isa = PBXGroup;
			children = (
				1E555E3118466B6500B143B4 /* SDL Weather.app */,
				4AFFBD59275E5706002F2EA8 /* SDL Weather WidgetExtension.appex */,
			);
			name = Products;
			sourceTree = "<group>";
		};
		1E555E3318466B6500B143B4 /* Frameworks */ = {
			isa = PBXGroup;
			children = (
				FB8DD2C7193E39FA00F3E936 /* CoreLocation.framework */,
				1E555E3418466B6500B143B4 /* Foundation.framework */,
				1E555E3818466B6500B143B4 /* UIKit.framework */,
				E5FAE7A71ACD04B5A73D580C /* Pods_MobileWeather.framework */,
				4AFFBD5A275E5706002F2EA8 /* WidgetKit.framework */,
				4AFFBD5C275E5706002F2EA8 /* SwiftUI.framework */,
			);
			name = Frameworks;
			sourceTree = "<group>";
		};
		1E555E3A18466B6500B143B4 /* MobileWeather */ = {
			isa = PBXGroup;
			children = (
				E491A6FF19F7C17200F82A4D /* Application */,
				4A491135266E75BE00A2E06D /* Location */,
				4A491136266E75D000A2E06D /* SDL */,
				E491A70219F7C60500F82A4D /* UI */,
				E48C4D8E19FE706F00A90448 /* Weather */,
				5DC0B72B2182466A00E1B317 /* Supporting Files */,
			);
			path = MobileWeather;
			sourceTree = "<group>";
		};
		4A0211062746D2EC00C9FA80 /* View Models */ = {
			isa = PBXGroup;
			children = (
				4A0211072746D30800C9FA80 /* CurrentWeatherSDLViewModel.swift */,
				4A02110B2746D63D00C9FA80 /* DailyWeatherSDLViewModel.swift */,
				4A02110D2746D7C200C9FA80 /* HourlyWeatherSDLViewModel.swift */,
				4A0211092746D61B00C9FA80 /* WeatherSDLViewModelType.swift */,
				4A02110F2746DB0500C9FA80 /* WeatherAlertSDLViewModel.swift */,
			);
			name = "View Models";
			sourceTree = "<group>";
		};
		4A491135266E75BE00A2E06D /* Location */ = {
			isa = PBXGroup;
			children = (
				4A50123F26F4E8BA0012B7DD /* Structs */,
				4A491115266E4FE700A2E06D /* LocationService.swift */,
			);
			name = Location;
			sourceTree = "<group>";
		};
		4A491136266E75D000A2E06D /* SDL */ = {
			isa = PBXGroup;
			children = (
				4A4EBD1B2742CAC400F1F325 /* Choice Sets */,
				4A0211062746D2EC00C9FA80 /* View Models */,
				4ABBCB47273EAC870020D974 /* WeatherSDLManager.swift */,
				4ABBCB49273ECFE80020D974 /* WeatherSDLManager+Menu.swift */,
				4A4EBD1727429FC200F1F325 /* WeatherSDLManager+SoftButtons.swift */,
			);
			name = SDL;
			sourceTree = "<group>";
		};
		4A491148266EADE800A2E06D /* Structs */ = {
			isa = PBXGroup;
			children = (
				4A50124226F50ABF0012B7DD /* WeatherData.swift */,
				4ADBAC9726F91A3F0038242B /* Sub-Data */,
			);
			name = Structs;
			sourceTree = "<group>";
		};
		4A4EBD1B2742CAC400F1F325 /* Choice Sets */ = {
			isa = PBXGroup;
			children = (
				4A4EBD1E2742D62100F1F325 /* DailyForecastSDLList.swift */,
				4A4EBD202742EC4D00F1F325 /* HourlyForecastSDLList.swift */,
				4A4EBD222742FFAB00F1F325 /* WeatherAlertsSDLList.swift */,
				4A4EBD1C2742CAD300F1F325 /* WeatherSDLListType.swift */,
			);
			name = "Choice Sets";
			sourceTree = "<group>";
		};
		4A50123F26F4E8BA0012B7DD /* Structs */ = {
			isa = PBXGroup;
			children = (
				4A491113266E4F8800A2E06D /* WeatherLocation.swift */,
			);
			name = Structs;
			sourceTree = "<group>";
		};
		4A8DF86326FA593200B46E2A /* WeatherView Sub Views */ = {
			isa = PBXGroup;
			children = (
				4A8DF85726FA452900B46E2A /* CurrentConditionsView.swift */,
				4A8DF85B26FA455100B46E2A /* DailyConditionsView.swift */,
				4A8DF85926FA454600B46E2A /* HourlyConditionsView.swift */,
				4AFFBD4527595A6D002F2EA8 /* Cells */,
			);
			name = "WeatherView Sub Views";
			sourceTree = "<group>";
		};
		4AA93144275E9606001A0EE8 /* UI */ = {
			isa = PBXGroup;
			children = (
				4AFFBD62275E5707002F2EA8 /* Assets.xcassets */,
				4AA93141275E959D001A0EE8 /* HourForecastWidgetView.swift */,
				4AA9314A275EAD4E001A0EE8 /* SDLWeatherWidgetEntryView.swift */,
			);
			path = UI;
			sourceTree = "<group>";
		};
		4ABBCB46273C64BA0020D974 /* Views */ = {
			isa = PBXGroup;
			children = (
				4A8DF85F26FA487400B46E2A /* SettingsView.swift */,
				4A8DF85D26FA457500B46E2A /* WeatherAlertView.swift */,
				4A8DF85526FA377C00B46E2A /* WeatherView.swift */,
				4A8DF86326FA593200B46E2A /* WeatherView Sub Views */,
				4AFFBD4C275A78DE002F2EA8 /* Utility Views */,
			);
			name = Views;
			sourceTree = "<group>";
		};
		4AD8081D266AA0550060F4E2 /* OpenWeather */ = {
			isa = PBXGroup;
			children = (
				4A50124026F4F2FA0012B7DD /* OpenWeatherService.swift */,
			);
			name = OpenWeather;
			sourceTree = "<group>";
		};
		4ADBAC9726F91A3F0038242B /* Sub-Data */ = {
			isa = PBXGroup;
			children = (
				4A491144266E9F9B00A2E06D /* WeatherAlert.swift */,
				4A49112D266E68D300A2E06D /* CurrentForecast.swift */,
				4ABBCB42273C1FE40020D974 /* DailyForecast.swift */,
				4A491146266EAA8800A2E06D /* HourlyForecast.swift */,
				4A50124426F50B140012B7DD /* MinutelyForecast.swift */,
			);
			name = "Sub-Data";
			sourceTree = "<group>";
		};
		4AFFBD4527595A6D002F2EA8 /* Cells */ = {
			isa = PBXGroup;
			children = (
				4AFFBD4827595A88002F2EA8 /* DayForecastView.swift */,
				4AFFBD4627595A7F002F2EA8 /* HourForecastView.swift */,
			);
			name = Cells;
			sourceTree = "<group>";
		};
		4AFFBD4C275A78DE002F2EA8 /* Utility Views */ = {
			isa = PBXGroup;
			children = (
				4AFFBD4A275A735D002F2EA8 /* WeatherImageView.swift */,
			);
			name = "Utility Views";
			sourceTree = "<group>";
		};
		4AFFBD5E275E5706002F2EA8 /* SDL Weather Widget */ = {
			isa = PBXGroup;
			children = (
				4AFFBD5F275E5706002F2EA8 /* SDL_Weather_Widget.swift */,
				4AFFBD61275E5706002F2EA8 /* SDL_Weather_Widget.intentdefinition */,
				4AC868A027834B5A007579D5 /* WeatherDataTimelineProvider.swift */,
				4A492C0227837DC6002FE55C /* WeatherDataWrapper.swift */,
				4AFFBD64275E5707002F2EA8 /* Info.plist */,
				4AA93144275E9606001A0EE8 /* UI */,
			);
			path = "SDL Weather Widget";
			sourceTree = "<group>";
		};
		4AFFBD7C275E7AC5002F2EA8 /* Utilities */ = {
			isa = PBXGroup;
			children = (
				4AFFBD7D275E7AD3002F2EA8 /* WeatherFormatter.swift */,
			);
			name = Utilities;
			sourceTree = "<group>";
		};
		5DC0B72B2182466A00E1B317 /* Supporting Files */ = {
			isa = PBXGroup;
			children = (
				4ADBD20026FD13AF00ABB045 /* weather-api-response.json */,
				5DB7EDCA1D89CC3800B62BB7 /* Images.xcassets */,
				5DB7EDC81D89CC2C00B62BB7 /* Settings.bundle */,
				E427582E1A0B75C000AA42B1 /* Info.plist */,
				4A55CAF924C76D35008065DA /* Launch.storyboard */,
			);
			name = "Supporting Files";
			sourceTree = "<group>";
		};
		ACA98BA4794368CA002C5DC3 /* Pods */ = {
			isa = PBXGroup;
			children = (
				C407ED364EBBDDB306D541A8 /* Pods-MobileWeather.debug.xcconfig */,
				56FBAA80C3ED8E16429896CD /* Pods-MobileWeather.release.xcconfig */,
			);
			name = Pods;
			sourceTree = "<group>";
		};
		E42CD7301A41A99E00C51CAA /* Data */ = {
			isa = PBXGroup;
			children = (
				4A491149266EAE4600A2E06D /* WeatherService.swift */,
				4A491148266EADE800A2E06D /* Structs */,
			);
			name = Data;
			sourceTree = "<group>";
		};
		E48C4D8E19FE706F00A90448 /* Weather */ = {
			isa = PBXGroup;
			children = (
				E42CD7301A41A99E00C51CAA /* Data */,
				4AD8081D266AA0550060F4E2 /* OpenWeather */,
				4AFFBD7C275E7AC5002F2EA8 /* Utilities */,
			);
			name = Weather;
			sourceTree = "<group>";
		};
		E491A6FF19F7C17200F82A4D /* Application */ = {
			isa = PBXGroup;
			children = (
				4A8DF85326FA368700B46E2A /* APIKey.swift */,
				4A8DF85126FA30C600B46E2A /* AppDelegate.swift */,
				4A8DF86126FA58A500B46E2A /* SceneDelegate.swift */,
				4A50123B26F4DC770012B7DD /* Preferences.swift */,
			);
			name = Application;
			sourceTree = "<group>";
		};
		E491A70219F7C60500F82A4D /* UI */ = {
			isa = PBXGroup;
			children = (
				4ABBCB46273C64BA0020D974 /* Views */,
				4ABBCB44273C64B40020D974 /* WeatherImage.swift */,
				4AFFBD75275E7259002F2EA8 /* WeatherImage+SDLExtensions.swift */,
			);
			name = UI;
			sourceTree = "<group>";
		};
/* End PBXGroup section */

/* Begin PBXNativeTarget section */
		1E555E3018466B6500B143B4 /* MobileWeather */ = {
			isa = PBXNativeTarget;
			buildConfigurationList = 1E555E6318466B6500B143B4 /* Build configuration list for PBXNativeTarget "MobileWeather" */;
			buildPhases = (
				02132F524A32751BB3DA5772 /* [CP] Check Pods Manifest.lock */,
				1E555E2D18466B6500B143B4 /* Sources */,
				1E555E2E18466B6500B143B4 /* Frameworks */,
				1E555E2F18466B6500B143B4 /* Resources */,
				E410DDBF1B441709008F1F0E /* Embed Frameworks */,
				F5F9E58BB96BD000574644DE /* [CP] Embed Pods Frameworks */,
				4AFFBD6A275E5707002F2EA8 /* Embed App Extensions */,
			);
			buildRules = (
			);
			dependencies = (
				4AFFBD68275E5707002F2EA8 /* PBXTargetDependency */,
			);
			name = MobileWeather;
			productName = MobileWeather;
			productReference = 1E555E3118466B6500B143B4 /* SDL Weather.app */;
			productType = "com.apple.product-type.application";
		};
		4AFFBD58275E5706002F2EA8 /* SDL Weather WidgetExtension */ = {
			isa = PBXNativeTarget;
			buildConfigurationList = 4AFFBD6D275E5707002F2EA8 /* Build configuration list for PBXNativeTarget "SDL Weather WidgetExtension" */;
			buildPhases = (
				4AFFBD55275E5706002F2EA8 /* Sources */,
				4AFFBD56275E5706002F2EA8 /* Frameworks */,
				4AFFBD57275E5706002F2EA8 /* Resources */,
			);
			buildRules = (
			);
			dependencies = (
			);
			name = "SDL Weather WidgetExtension";
			productName = "SDL Weather WidgetExtension";
			productReference = 4AFFBD59275E5706002F2EA8 /* SDL Weather WidgetExtension.appex */;
			productType = "com.apple.product-type.app-extension";
		};
/* End PBXNativeTarget section */

/* Begin PBXProject section */
		1E555E2918466B6500B143B4 /* Project object */ = {
			isa = PBXProject;
			attributes = {
				LastSwiftUpdateCheck = 1310;
				LastUpgradeCheck = 1300;
				ORGANIZATIONNAME = Ford;
				TargetAttributes = {
					1E555E3018466B6500B143B4 = {
						DevelopmentTeam = NCVC2MHU7M;
						ProvisioningStyle = Automatic;
						SystemCapabilities = {
							com.apple.BackgroundModes = {
								enabled = 1;
							};
							com.apple.WAC = {
								enabled = 0;
							};
						};
					};
					4AFFBD58275E5706002F2EA8 = {
						CreatedOnToolsVersion = 13.1;
						DevelopmentTeam = NCVC2MHU7M;
						ProvisioningStyle = Automatic;
					};
				};
			};
			buildConfigurationList = 1E555E2C18466B6500B143B4 /* Build configuration list for PBXProject "MobileWeather" */;
			compatibilityVersion = "Xcode 3.2";
			developmentRegion = en;
			hasScannedForEncodings = 0;
			knownRegions = (
				en,
				de,
				es,
				pt,
				fr,
				Base,
			);
			mainGroup = 1E555E2818466B6500B143B4;
			productRefGroup = 1E555E3218466B6500B143B4 /* Products */;
			projectDirPath = "";
			projectRoot = "";
			targets = (
				1E555E3018466B6500B143B4 /* MobileWeather */,
				4AFFBD58275E5706002F2EA8 /* SDL Weather WidgetExtension */,
			);
		};
/* End PBXProject section */

/* Begin PBXResourcesBuildPhase section */
		1E555E2F18466B6500B143B4 /* Resources */ = {
			isa = PBXResourcesBuildPhase;
			buildActionMask = 2147483647;
			files = (
				4A8B1EEE273B043100FDC454 /* weather-api-response.json in Resources */,
				5DB7EDCB1D89CC3800B62BB7 /* Images.xcassets in Resources */,
				4A55CAFA24C76D35008065DA /* Launch.storyboard in Resources */,
				5DB7EDC91D89CC2C00B62BB7 /* Settings.bundle in Resources */,
			);
			runOnlyForDeploymentPostprocessing = 0;
		};
		4AFFBD57275E5706002F2EA8 /* Resources */ = {
			isa = PBXResourcesBuildPhase;
			buildActionMask = 2147483647;
			files = (
				4AFFBD63275E5707002F2EA8 /* Assets.xcassets in Resources */,
			);
			runOnlyForDeploymentPostprocessing = 0;
		};
/* End PBXResourcesBuildPhase section */

/* Begin PBXShellScriptBuildPhase section */
		02132F524A32751BB3DA5772 /* [CP] Check Pods Manifest.lock */ = {
			isa = PBXShellScriptBuildPhase;
			buildActionMask = 2147483647;
			files = (
			);
			inputPaths = (
				"${PODS_PODFILE_DIR_PATH}/Podfile.lock",
				"${PODS_ROOT}/Manifest.lock",
			);
			name = "[CP] Check Pods Manifest.lock";
			outputPaths = (
				"$(DERIVED_FILE_DIR)/Pods-MobileWeather-checkManifestLockResult.txt",
			);
			runOnlyForDeploymentPostprocessing = 0;
			shellPath = /bin/sh;
			shellScript = "diff \"${PODS_PODFILE_DIR_PATH}/Podfile.lock\" \"${PODS_ROOT}/Manifest.lock\" > /dev/null\nif [ $? != 0 ] ; then\n    # print error to STDERR\n    echo \"error: The sandbox is not in sync with the Podfile.lock. Run 'pod install' or update your CocoaPods installation.\" >&2\n    exit 1\nfi\n# This output is used by Xcode 'outputs' to avoid re-running this script phase.\necho \"SUCCESS\" > \"${SCRIPT_OUTPUT_FILE_0}\"\n";
			showEnvVarsInLog = 0;
		};
		F5F9E58BB96BD000574644DE /* [CP] Embed Pods Frameworks */ = {
			isa = PBXShellScriptBuildPhase;
			buildActionMask = 2147483647;
			files = (
			);
			inputPaths = (
				"${PODS_ROOT}/Target Support Files/Pods-MobileWeather/Pods-MobileWeather-frameworks.sh",
				"${BUILT_PRODUCTS_DIR}/BiSON/BiSON.framework",
				"${BUILT_PRODUCTS_DIR}/SmartDeviceLink/SmartDeviceLink.framework",
			);
			name = "[CP] Embed Pods Frameworks";
			outputPaths = (
				"${TARGET_BUILD_DIR}/${FRAMEWORKS_FOLDER_PATH}/BiSON.framework",
				"${TARGET_BUILD_DIR}/${FRAMEWORKS_FOLDER_PATH}/SmartDeviceLink.framework",
			);
			runOnlyForDeploymentPostprocessing = 0;
			shellPath = /bin/sh;
			shellScript = "\"${PODS_ROOT}/Target Support Files/Pods-MobileWeather/Pods-MobileWeather-frameworks.sh\"\n";
			showEnvVarsInLog = 0;
		};
/* End PBXShellScriptBuildPhase section */

/* Begin PBXSourcesBuildPhase section */
		1E555E2D18466B6500B143B4 /* Sources */ = {
			isa = PBXSourcesBuildPhase;
			buildActionMask = 2147483647;
			files = (
				4ABBCB48273EAC870020D974 /* WeatherSDLManager.swift in Sources */,
				4A8DF85826FA452900B46E2A /* CurrentConditionsView.swift in Sources */,
				4A4EBD1F2742D62100F1F325 /* DailyForecastSDLList.swift in Sources */,
				4A491134266E755E00A2E06D /* CurrentForecast.swift in Sources */,
				4A49114A266EAE4600A2E06D /* WeatherService.swift in Sources */,
				4AFFBD66275E5707002F2EA8 /* SDL_Weather_Widget.intentdefinition in Sources */,
				4A8DF86026FA487400B46E2A /* SettingsView.swift in Sources */,
				4ABBCB4A273ECFE80020D974 /* WeatherSDLManager+Menu.swift in Sources */,
				4ABBCB43273C1FE40020D974 /* DailyForecast.swift in Sources */,
				4A4EBD212742EC4D00F1F325 /* HourlyForecastSDLList.swift in Sources */,
				4A0211082746D30800C9FA80 /* CurrentWeatherSDLViewModel.swift in Sources */,
				4A4EBD1D2742CAD300F1F325 /* WeatherSDLListType.swift in Sources */,
				4A02110A2746D61B00C9FA80 /* WeatherSDLViewModelType.swift in Sources */,
				4A8DF85226FA30C600B46E2A /* AppDelegate.swift in Sources */,
				4A8DF85E26FA457500B46E2A /* WeatherAlertView.swift in Sources */,
				4A8DF85A26FA454600B46E2A /* HourlyConditionsView.swift in Sources */,
				4A4EBD1827429FC200F1F325 /* WeatherSDLManager+SoftButtons.swift in Sources */,
				4A8DF85426FA368700B46E2A /* APIKey.swift in Sources */,
				4A491147266EAA8800A2E06D /* HourlyForecast.swift in Sources */,
				4A49114C266EB02D00A2E06D /* LocationService.swift in Sources */,
				4ABBCB45273C64B40020D974 /* WeatherImage.swift in Sources */,
				4A8DF85626FA377C00B46E2A /* WeatherView.swift in Sources */,
				4A0211102746DB0500C9FA80 /* WeatherAlertSDLViewModel.swift in Sources */,
				4A49114B266EAEC000A2E06D /* WeatherLocation.swift in Sources */,
				4A50124126F4F2FA0012B7DD /* OpenWeatherService.swift in Sources */,
				4A02110C2746D63D00C9FA80 /* DailyWeatherSDLViewModel.swift in Sources */,
				4AFFBD76275E7259002F2EA8 /* WeatherImage+SDLExtensions.swift in Sources */,
				4AFFBD7E275E7AD3002F2EA8 /* WeatherFormatter.swift in Sources */,
				4A50123C26F4DC770012B7DD /* Preferences.swift in Sources */,
				4A8DF85C26FA455100B46E2A /* DailyConditionsView.swift in Sources */,
				4A4EBD232742FFAB00F1F325 /* WeatherAlertsSDLList.swift in Sources */,
				4A491145266E9F9B00A2E06D /* WeatherAlert.swift in Sources */,
				4A02110E2746D7C200C9FA80 /* HourlyWeatherSDLViewModel.swift in Sources */,
				4A8DF86226FA58A500B46E2A /* SceneDelegate.swift in Sources */,
				4AFFBD4B275A735D002F2EA8 /* WeatherImageView.swift in Sources */,
				4A50124326F50ABF0012B7DD /* WeatherData.swift in Sources */,
				4AFFBD4927595A88002F2EA8 /* DayForecastView.swift in Sources */,
				4A50124526F50B140012B7DD /* MinutelyForecast.swift in Sources */,
				4AFFBD4727595A7F002F2EA8 /* HourForecastView.swift in Sources */,
			);
			runOnlyForDeploymentPostprocessing = 0;
		};
		4AFFBD55275E5706002F2EA8 /* Sources */ = {
			isa = PBXSourcesBuildPhase;
			buildActionMask = 2147483647;
			files = (
				4AFFBD60275E5706002F2EA8 /* SDL_Weather_Widget.swift in Sources */,
				4AFFBD73275E6E74002F2EA8 /* HourlyForecast.swift in Sources */,
				4AA93146275EA826001A0EE8 /* OpenWeatherService.swift in Sources */,
				4AA93143275E95ED001A0EE8 /* HourForecastWidgetView.swift in Sources */,
				4AFFBD6F275E6E70002F2EA8 /* WeatherAlert.swift in Sources */,
				4AFFBD77275E754B002F2EA8 /* WeatherImageView.swift in Sources */,
				4AFFBD6E275E6B89002F2EA8 /* WeatherData.swift in Sources */,
				4AA9314C275EAD70001A0EE8 /* SDLWeatherWidgetEntryView.swift in Sources */,
				4AA93145275EA537001A0EE8 /* WeatherService.swift in Sources */,
				4AFFBD65275E5707002F2EA8 /* SDL_Weather_Widget.intentdefinition in Sources */,
				4AFFBD7F275E7B1C002F2EA8 /* WeatherFormatter.swift in Sources */,
				4AA93147275EA832001A0EE8 /* LocationService.swift in Sources */,
				4A492C0327837DC6002FE55C /* WeatherDataWrapper.swift in Sources */,
				4AC868A227834DB9007579D5 /* WeatherDataTimelineProvider.swift in Sources */,
				4AFFBD71275E6E73002F2EA8 /* CurrentForecast.swift in Sources */,
				4AFFBD70275E6E73002F2EA8 /* DailyForecast.swift in Sources */,
				4AFFBD72275E6E74002F2EA8 /* MinutelyForecast.swift in Sources */,
				4AFFBD7A275E7A5F002F2EA8 /* DayForecastView.swift in Sources */,
				4AFFBD74275E7027002F2EA8 /* WeatherImage.swift in Sources */,
				4AA93148275EA848001A0EE8 /* APIKey.swift in Sources */,
				4AA93149275EA84F001A0EE8 /* WeatherLocation.swift in Sources */,
			);
			runOnlyForDeploymentPostprocessing = 0;
		};
/* End PBXSourcesBuildPhase section */

/* Begin PBXTargetDependency section */
		4AFFBD68275E5707002F2EA8 /* PBXTargetDependency */ = {
			isa = PBXTargetDependency;
			target = 4AFFBD58275E5706002F2EA8 /* SDL Weather WidgetExtension */;
			targetProxy = 4AFFBD67275E5707002F2EA8 /* PBXContainerItemProxy */;
		};
/* End PBXTargetDependency section */

/* Begin XCBuildConfiguration section */
		1E555E6118466B6500B143B4 /* Debug */ = {
			isa = XCBuildConfiguration;
			buildSettings = {
				CLANG_ANALYZER_LOCALIZABILITY_NONLOCALIZED = YES;
				CLANG_ENABLE_MODULES = YES;
				CLANG_ENABLE_OBJC_ARC = YES;
				CLANG_WARN_BLOCK_CAPTURE_AUTORELEASING = YES;
				CLANG_WARN_BOOL_CONVERSION = YES;
				CLANG_WARN_COMMA = YES;
				CLANG_WARN_CONSTANT_CONVERSION = YES;
				CLANG_WARN_DEPRECATED_OBJC_IMPLEMENTATIONS = YES;
				CLANG_WARN_DIRECT_OBJC_ISA_USAGE = YES_ERROR;
				CLANG_WARN_EMPTY_BODY = YES;
				CLANG_WARN_ENUM_CONVERSION = YES;
				CLANG_WARN_INFINITE_RECURSION = YES;
				CLANG_WARN_INT_CONVERSION = YES;
				CLANG_WARN_NON_LITERAL_NULL_CONVERSION = YES;
				CLANG_WARN_OBJC_IMPLICIT_RETAIN_SELF = YES;
				CLANG_WARN_OBJC_LITERAL_CONVERSION = YES;
				CLANG_WARN_OBJC_ROOT_CLASS = YES_ERROR;
				CLANG_WARN_QUOTED_INCLUDE_IN_FRAMEWORK_HEADER = YES;
				CLANG_WARN_RANGE_LOOP_ANALYSIS = YES;
				CLANG_WARN_STRICT_PROTOTYPES = YES;
				CLANG_WARN_SUSPICIOUS_MOVE = YES;
				CLANG_WARN_UNREACHABLE_CODE = YES;
				CLANG_WARN__DUPLICATE_METHOD_MATCH = YES;
				CODE_SIGN_IDENTITY = "iPhone Developer";
				"CODE_SIGN_IDENTITY[sdk=iphoneos*]" = "iPhone Developer";
				COPY_PHASE_STRIP = NO;
				DEBUG_INFORMATION_FORMAT = "dwarf-with-dsym";
				ENABLE_STRICT_OBJC_MSGSEND = YES;
				ENABLE_TESTABILITY = YES;
				GCC_NO_COMMON_BLOCKS = YES;
				GCC_OPTIMIZATION_LEVEL = 0;
				GCC_PREPROCESSOR_DEFINITIONS = (
					"DEBUG=1",
					"$(inherited)",
				);
				GCC_WARN_64_TO_32_BIT_CONVERSION = YES;
				GCC_WARN_ABOUT_RETURN_TYPE = YES_ERROR;
				GCC_WARN_UNDECLARED_SELECTOR = YES;
				GCC_WARN_UNINITIALIZED_AUTOS = YES;
				GCC_WARN_UNUSED_FUNCTION = YES;
				GCC_WARN_UNUSED_VARIABLE = YES;
				IPHONEOS_DEPLOYMENT_TARGET = 13.0;
				ONLY_ACTIVE_ARCH = YES;
				SDKROOT = iphoneos;
				VALIDATE_PRODUCT = YES;
			};
			name = Debug;
		};
		1E555E6218466B6500B143B4 /* Release */ = {
			isa = XCBuildConfiguration;
			buildSettings = {
				CLANG_ANALYZER_LOCALIZABILITY_NONLOCALIZED = YES;
				CLANG_ENABLE_MODULES = YES;
				CLANG_ENABLE_OBJC_ARC = YES;
				CLANG_WARN_BLOCK_CAPTURE_AUTORELEASING = YES;
				CLANG_WARN_BOOL_CONVERSION = YES;
				CLANG_WARN_COMMA = YES;
				CLANG_WARN_CONSTANT_CONVERSION = YES;
				CLANG_WARN_DEPRECATED_OBJC_IMPLEMENTATIONS = YES;
				CLANG_WARN_DIRECT_OBJC_ISA_USAGE = YES_ERROR;
				CLANG_WARN_EMPTY_BODY = YES;
				CLANG_WARN_ENUM_CONVERSION = YES;
				CLANG_WARN_INFINITE_RECURSION = YES;
				CLANG_WARN_INT_CONVERSION = YES;
				CLANG_WARN_NON_LITERAL_NULL_CONVERSION = YES;
				CLANG_WARN_OBJC_IMPLICIT_RETAIN_SELF = YES;
				CLANG_WARN_OBJC_LITERAL_CONVERSION = YES;
				CLANG_WARN_OBJC_ROOT_CLASS = YES_ERROR;
				CLANG_WARN_QUOTED_INCLUDE_IN_FRAMEWORK_HEADER = YES;
				CLANG_WARN_RANGE_LOOP_ANALYSIS = YES;
				CLANG_WARN_STRICT_PROTOTYPES = YES;
				CLANG_WARN_SUSPICIOUS_MOVE = YES;
				CLANG_WARN_UNREACHABLE_CODE = YES;
				CLANG_WARN__DUPLICATE_METHOD_MATCH = YES;
				CODE_SIGN_IDENTITY = "iPhone Developer";
				"CODE_SIGN_IDENTITY[sdk=iphoneos*]" = "iPhone Developer";
				COPY_PHASE_STRIP = NO;
				DEBUG_INFORMATION_FORMAT = "dwarf-with-dsym";
				ENABLE_NS_ASSERTIONS = NO;
				ENABLE_STRICT_OBJC_MSGSEND = YES;
				GCC_NO_COMMON_BLOCKS = YES;
				GCC_WARN_64_TO_32_BIT_CONVERSION = YES;
				GCC_WARN_ABOUT_RETURN_TYPE = YES_ERROR;
				GCC_WARN_UNDECLARED_SELECTOR = YES;
				GCC_WARN_UNINITIALIZED_AUTOS = YES;
				GCC_WARN_UNUSED_FUNCTION = YES;
				GCC_WARN_UNUSED_VARIABLE = YES;
				IPHONEOS_DEPLOYMENT_TARGET = 13.0;
				SDKROOT = iphoneos;
				SWIFT_COMPILATION_MODE = wholemodule;
				VALIDATE_PRODUCT = YES;
			};
			name = Release;
		};
		1E555E6418466B6500B143B4 /* Debug */ = {
			isa = XCBuildConfiguration;
			baseConfigurationReference = C407ED364EBBDDB306D541A8 /* Pods-MobileWeather.debug.xcconfig */;
			buildSettings = {
				ALWAYS_EMBED_SWIFT_STANDARD_LIBRARIES = YES;
				ALWAYS_SEARCH_USER_PATHS = NO;
				ASSETCATALOG_COMPILER_APPICON_NAME = AppIcon;
				CODE_SIGN_IDENTITY = "iPhone Developer";
				"CODE_SIGN_IDENTITY[sdk=iphoneos*]" = "iPhone Developer";
				CODE_SIGN_RESOURCE_RULES_PATH = "$(SDKROOT)/ResourceRules.plist";
				CURRENT_PROJECT_VERSION = 1;
				DEVELOPMENT_ASSET_PATHS = "MobileWeather/Development\\ Assets/weather-api-response.json";
				DEVELOPMENT_TEAM = NCVC2MHU7M;
				GCC_PRECOMPILE_PREFIX_HEADER = YES;
				INFOPLIST_FILE = MobileWeather/Info.plist;
				IPHONEOS_DEPLOYMENT_TARGET = 15.0;
				LD_RUNPATH_SEARCH_PATHS = "$(inherited) @executable_path/Frameworks";
				MARKETING_VERSION = 5.5.2;
				PRODUCT_BUNDLE_IDENTIFIER = com.sdl.sdlweather;
				PRODUCT_NAME = "SDL Weather";
				PROVISIONING_PROFILE = "";
				SWIFT_OPTIMIZATION_LEVEL = "-Onone";
				SWIFT_VERSION = 5.0;
				WRAPPER_EXTENSION = app;
			};
			name = Debug;
		};
		1E555E6518466B6500B143B4 /* Release */ = {
			isa = XCBuildConfiguration;
			baseConfigurationReference = 56FBAA80C3ED8E16429896CD /* Pods-MobileWeather.release.xcconfig */;
			buildSettings = {
				ALWAYS_EMBED_SWIFT_STANDARD_LIBRARIES = YES;
				ALWAYS_SEARCH_USER_PATHS = NO;
				ASSETCATALOG_COMPILER_APPICON_NAME = AppIcon;
				CODE_SIGN_IDENTITY = "iPhone Developer";
				"CODE_SIGN_IDENTITY[sdk=iphoneos*]" = "iPhone Developer";
				CODE_SIGN_RESOURCE_RULES_PATH = "$(SDKROOT)/ResourceRules.plist";
				CURRENT_PROJECT_VERSION = 1;
				DEVELOPMENT_ASSET_PATHS = "MobileWeather/Development\\ Assets/weather-api-response.json";
				DEVELOPMENT_TEAM = NCVC2MHU7M;
				GCC_PRECOMPILE_PREFIX_HEADER = YES;
				INFOPLIST_FILE = MobileWeather/Info.plist;
				IPHONEOS_DEPLOYMENT_TARGET = 15.0;
				LD_RUNPATH_SEARCH_PATHS = "$(inherited) @executable_path/Frameworks";
				MARKETING_VERSION = 5.5.2;
				PRODUCT_BUNDLE_IDENTIFIER = com.sdl.sdlweather;
				PRODUCT_NAME = "SDL Weather";
				PROVISIONING_PROFILE = "";
				SWIFT_VERSION = 5.0;
				WRAPPER_EXTENSION = app;
			};
			name = Release;
		};
		4AFFBD6B275E5707002F2EA8 /* Debug */ = {
			isa = XCBuildConfiguration;
			buildSettings = {
				ALWAYS_SEARCH_USER_PATHS = NO;
				ASSETCATALOG_COMPILER_GLOBAL_ACCENT_COLOR_NAME = AccentColor;
				ASSETCATALOG_COMPILER_WIDGET_BACKGROUND_COLOR_NAME = WidgetBackground;
				CLANG_ANALYZER_NONNULL = YES;
				CLANG_ANALYZER_NUMBER_OBJECT_CONVERSION = YES_AGGRESSIVE;
				CLANG_CXX_LANGUAGE_STANDARD = "gnu++17";
				CLANG_CXX_LIBRARY = "libc++";
				CLANG_ENABLE_OBJC_WEAK = YES;
				CLANG_WARN_DOCUMENTATION_COMMENTS = YES;
				CLANG_WARN_UNGUARDED_AVAILABILITY = YES_AGGRESSIVE;
				CODE_SIGN_IDENTITY = "iPhone Developer";
				"CODE_SIGN_IDENTITY[sdk=iphoneos*]" = "iPhone Developer";
				CODE_SIGN_STYLE = Automatic;
				CURRENT_PROJECT_VERSION = 1;
				DEBUG_INFORMATION_FORMAT = dwarf;
				DEVELOPMENT_TEAM = NCVC2MHU7M;
				GCC_C_LANGUAGE_STANDARD = gnu11;
				GCC_DYNAMIC_NO_PIC = NO;
				GCC_WARN_UNINITIALIZED_AUTOS = YES_AGGRESSIVE;
				GENERATE_INFOPLIST_FILE = YES;
				INFOPLIST_FILE = "SDL Weather Widget/Info.plist";
				INFOPLIST_KEY_CFBundleDisplayName = "SDL Weather Widget";
				INFOPLIST_KEY_NSHumanReadableCopyright = "Copyright © 2021 Ford. All rights reserved.";
				IPHONEOS_DEPLOYMENT_TARGET = 15.0;
				LD_RUNPATH_SEARCH_PATHS = "$(inherited) @executable_path/Frameworks @executable_path/../../Frameworks";
				MARKETING_VERSION = 5.5.2;
				MTL_ENABLE_DEBUG_INFO = INCLUDE_SOURCE;
				MTL_FAST_MATH = YES;
				PRODUCT_BUNDLE_IDENTIFIER = "com.sdl.sdlweather.SDL-Weather-Widget";
				PRODUCT_NAME = "$(TARGET_NAME)";
				SKIP_INSTALL = YES;
				SWIFT_ACTIVE_COMPILATION_CONDITIONS = DEBUG;
				SWIFT_EMIT_LOC_STRINGS = YES;
				SWIFT_OPTIMIZATION_LEVEL = "-Onone";
				SWIFT_VERSION = 5.0;
				TARGETED_DEVICE_FAMILY = "1,2";
			};
			name = Debug;
		};
		4AFFBD6C275E5707002F2EA8 /* Release */ = {
			isa = XCBuildConfiguration;
			buildSettings = {
				ALWAYS_SEARCH_USER_PATHS = NO;
				ASSETCATALOG_COMPILER_GLOBAL_ACCENT_COLOR_NAME = AccentColor;
				ASSETCATALOG_COMPILER_WIDGET_BACKGROUND_COLOR_NAME = WidgetBackground;
				CLANG_ANALYZER_NONNULL = YES;
				CLANG_ANALYZER_NUMBER_OBJECT_CONVERSION = YES_AGGRESSIVE;
				CLANG_CXX_LANGUAGE_STANDARD = "gnu++17";
				CLANG_CXX_LIBRARY = "libc++";
				CLANG_ENABLE_OBJC_WEAK = YES;
				CLANG_WARN_DOCUMENTATION_COMMENTS = YES;
				CLANG_WARN_UNGUARDED_AVAILABILITY = YES_AGGRESSIVE;
				CODE_SIGN_IDENTITY = "iPhone Developer";
				"CODE_SIGN_IDENTITY[sdk=iphoneos*]" = "iPhone Developer";
				CODE_SIGN_STYLE = Automatic;
				CURRENT_PROJECT_VERSION = 1;
				DEVELOPMENT_TEAM = NCVC2MHU7M;
				GCC_C_LANGUAGE_STANDARD = gnu11;
				GCC_WARN_UNINITIALIZED_AUTOS = YES_AGGRESSIVE;
				GENERATE_INFOPLIST_FILE = YES;
				INFOPLIST_FILE = "SDL Weather Widget/Info.plist";
				INFOPLIST_KEY_CFBundleDisplayName = "SDL Weather Widget";
				INFOPLIST_KEY_NSHumanReadableCopyright = "Copyright © 2021 Ford. All rights reserved.";
				IPHONEOS_DEPLOYMENT_TARGET = 15.0;
				LD_RUNPATH_SEARCH_PATHS = "$(inherited) @executable_path/Frameworks @executable_path/../../Frameworks";
				MARKETING_VERSION = 5.5.2;
				MTL_ENABLE_DEBUG_INFO = NO;
				MTL_FAST_MATH = YES;
				PRODUCT_BUNDLE_IDENTIFIER = "com.sdl.sdlweather.SDL-Weather-Widget";
				PRODUCT_NAME = "$(TARGET_NAME)";
				SKIP_INSTALL = YES;
				SWIFT_EMIT_LOC_STRINGS = YES;
				SWIFT_OPTIMIZATION_LEVEL = "-O";
				SWIFT_VERSION = 5.0;
				TARGETED_DEVICE_FAMILY = "1,2";
			};
			name = Release;
		};
/* End XCBuildConfiguration section */

/* Begin XCConfigurationList section */
		1E555E2C18466B6500B143B4 /* Build configuration list for PBXProject "MobileWeather" */ = {
			isa = XCConfigurationList;
			buildConfigurations = (
				1E555E6118466B6500B143B4 /* Debug */,
				1E555E6218466B6500B143B4 /* Release */,
			);
			defaultConfigurationIsVisible = 0;
			defaultConfigurationName = Release;
		};
		1E555E6318466B6500B143B4 /* Build configuration list for PBXNativeTarget "MobileWeather" */ = {
			isa = XCConfigurationList;
			buildConfigurations = (
				1E555E6418466B6500B143B4 /* Debug */,
				1E555E6518466B6500B143B4 /* Release */,
			);
			defaultConfigurationIsVisible = 0;
			defaultConfigurationName = Release;
		};
		4AFFBD6D275E5707002F2EA8 /* Build configuration list for PBXNativeTarget "SDL Weather WidgetExtension" */ = {
			isa = XCConfigurationList;
			buildConfigurations = (
				4AFFBD6B275E5707002F2EA8 /* Debug */,
				4AFFBD6C275E5707002F2EA8 /* Release */,
			);
			defaultConfigurationIsVisible = 0;
			defaultConfigurationName = Release;
		};
/* End XCConfigurationList section */
	};
	rootObject = 1E555E2918466B6500B143B4 /* Project object */;
}
