// !$*UTF8*$!
{
	archiveVersion = 1;
	classes = {
	};
	objectVersion = 46;
	objects = {

/* Begin PBXBuildFile section */
		1E555E3518466B6500B143B4 /* Foundation.framework in Frameworks */ = {isa = PBXBuildFile; fileRef = 1E555E3418466B6500B143B4 /* Foundation.framework */; };
		1E555E3918466B6500B143B4 /* UIKit.framework in Frameworks */ = {isa = PBXBuildFile; fileRef = 1E555E3818466B6500B143B4 /* UIKit.framework */; };
		1E555E4518466B6500B143B4 /* AppDelegate.m in Sources */ = {isa = PBXBuildFile; fileRef = 1E555E4418466B6500B143B4 /* AppDelegate.m */; };
		1E555E4B18466B6500B143B4 /* MainViewController.m in Sources */ = {isa = PBXBuildFile; fileRef = 1E555E4A18466B6500B143B4 /* MainViewController.m */; };
		4A491134266E755E00A2E06D /* CurrentForecast.swift in Sources */ = {isa = PBXBuildFile; fileRef = 4A49112D266E68D300A2E06D /* CurrentForecast.swift */; };
		4A491142266E9E7100A2E06D /* RoadCondition.swift in Sources */ = {isa = PBXBuildFile; fileRef = 4A491141266E9E7100A2E06D /* RoadCondition.swift */; };
		4A491145266E9F9B00A2E06D /* WeatherAlert.swift in Sources */ = {isa = PBXBuildFile; fileRef = 4A491144266E9F9B00A2E06D /* WeatherAlert.swift */; };
		4A491147266EAA8800A2E06D /* WeatherForecast.swift in Sources */ = {isa = PBXBuildFile; fileRef = 4A491146266EAA8800A2E06D /* WeatherForecast.swift */; };
		4A49114A266EAE4600A2E06D /* WeatherManager.swift in Sources */ = {isa = PBXBuildFile; fileRef = 4A491149266EAE4600A2E06D /* WeatherManager.swift */; };
		4A49114B266EAEC000A2E06D /* WeatherLocation.swift in Sources */ = {isa = PBXBuildFile; fileRef = 4A491113266E4F8800A2E06D /* WeatherLocation.swift */; };
		4A49114C266EB02D00A2E06D /* LocationService.swift in Sources */ = {isa = PBXBuildFile; fileRef = 4A491115266E4FE700A2E06D /* LocationService.swift */; };
		4A50123C26F4DC770012B7DD /* Preferences.swift in Sources */ = {isa = PBXBuildFile; fileRef = 4A50123B26F4DC770012B7DD /* Preferences.swift */; };
		4A50123E26F4DF5B0012B7DD /* OpenWeatherDataProcessor.swift in Sources */ = {isa = PBXBuildFile; fileRef = 4A50123D26F4DF5B0012B7DD /* OpenWeatherDataProcessor.swift */; };
		4A50124126F4F2FA0012B7DD /* OpenWeatherService.swift in Sources */ = {isa = PBXBuildFile; fileRef = 4A50124026F4F2FA0012B7DD /* OpenWeatherService.swift */; };
		4A50124326F50ABF0012B7DD /* WeatherData.swift in Sources */ = {isa = PBXBuildFile; fileRef = 4A50124226F50ABF0012B7DD /* WeatherData.swift */; };
		4A50124526F50B140012B7DD /* MinutelyForecast.swift in Sources */ = {isa = PBXBuildFile; fileRef = 4A50124426F50B140012B7DD /* MinutelyForecast.swift */; };
		4A55CAFA24C76D35008065DA /* Launch.storyboard in Resources */ = {isa = PBXBuildFile; fileRef = 4A55CAF924C76D35008065DA /* Launch.storyboard */; };
		5DB7EDC91D89CC2C00B62BB7 /* Settings.bundle in Resources */ = {isa = PBXBuildFile; fileRef = 5DB7EDC81D89CC2C00B62BB7 /* Settings.bundle */; };
		5DB7EDCB1D89CC3800B62BB7 /* Images.xcassets in Resources */ = {isa = PBXBuildFile; fileRef = 5DB7EDCA1D89CC3800B62BB7 /* Images.xcassets */; };
		6EF1FC581CF5EF3F009BE8E9 /* SmartDeviceLinkService.m in Sources */ = {isa = PBXBuildFile; fileRef = 6EF1FC571CF5EF3F009BE8E9 /* SmartDeviceLinkService.m */; };
		AA62726DBC705DF2AB93C537 /* Pods_MobileWeather.framework in Frameworks */ = {isa = PBXBuildFile; fileRef = E5FAE7A71ACD04B5A73D580C /* Pods_MobileWeather.framework */; };
		E4059D6819FF8AF500C9996D /* DarkSkyService.m in Sources */ = {isa = PBXBuildFile; fileRef = E4059D6719FF8AF500C9996D /* DarkSkyService.m */; };
		E4059D7A19FFC21500C9996D /* DarkSkyProcessor.m in Sources */ = {isa = PBXBuildFile; fileRef = E4059D7919FFC21500C9996D /* DarkSkyProcessor.m */; };
		E42758301A0B75C000AA42B1 /* main.m in Sources */ = {isa = PBXBuildFile; fileRef = E427582D1A0B75C000AA42B1 /* main.m */; };
		E436919A19F556D800678C1D /* Main.storyboard in Resources */ = {isa = PBXBuildFile; fileRef = E436919919F556D800678C1D /* Main.storyboard */; };
		E4615C151A0CB42C0074A3A8 /* Notifications.m in Sources */ = {isa = PBXBuildFile; fileRef = E4615C141A0CB42C0074A3A8 /* Notifications.m */; };
		E4BAFA851A0BA707003BB807 /* NSUserDefaults+RegisterSettings.m in Sources */ = {isa = PBXBuildFile; fileRef = E4BAFA841A0BA707003BB807 /* NSUserDefaults+RegisterSettings.m */; };
		E4BD7AED1B02338C006BE23B /* NSBundle+Language.m in Sources */ = {isa = PBXBuildFile; fileRef = E4BD7AEC1B02338C006BE23B /* NSBundle+Language.m */; };
		FB8DD2C8193E39FA00F3E936 /* CoreLocation.framework in Frameworks */ = {isa = PBXBuildFile; fileRef = FB8DD2C7193E39FA00F3E936 /* CoreLocation.framework */; };
/* End PBXBuildFile section */

/* Begin PBXCopyFilesBuildPhase section */
		E410DDBF1B441709008F1F0E /* Embed Frameworks */ = {
			isa = PBXCopyFilesBuildPhase;
			buildActionMask = 2147483647;
			dstPath = "";
			dstSubfolderSpec = 10;
			files = (
			);
			name = "Embed Frameworks";
			runOnlyForDeploymentPostprocessing = 0;
		};
/* End PBXCopyFilesBuildPhase section */

/* Begin PBXFileReference section */
		1E555E3118466B6500B143B4 /* SDL Weather.app */ = {isa = PBXFileReference; explicitFileType = wrapper.application; includeInIndex = 0; path = "SDL Weather.app"; sourceTree = BUILT_PRODUCTS_DIR; };
		1E555E3418466B6500B143B4 /* Foundation.framework */ = {isa = PBXFileReference; lastKnownFileType = wrapper.framework; name = Foundation.framework; path = System/Library/Frameworks/Foundation.framework; sourceTree = SDKROOT; };
		1E555E3818466B6500B143B4 /* UIKit.framework */ = {isa = PBXFileReference; lastKnownFileType = wrapper.framework; name = UIKit.framework; path = System/Library/Frameworks/UIKit.framework; sourceTree = SDKROOT; };
		1E555E4318466B6500B143B4 /* AppDelegate.h */ = {isa = PBXFileReference; lastKnownFileType = sourcecode.c.h; path = AppDelegate.h; sourceTree = "<group>"; };
		1E555E4418466B6500B143B4 /* AppDelegate.m */ = {isa = PBXFileReference; lastKnownFileType = sourcecode.c.objc; path = AppDelegate.m; sourceTree = "<group>"; };
		1E555E4918466B6500B143B4 /* MainViewController.h */ = {isa = PBXFileReference; lastKnownFileType = sourcecode.c.h; path = MainViewController.h; sourceTree = "<group>"; };
		1E555E4A18466B6500B143B4 /* MainViewController.m */ = {isa = PBXFileReference; lastKnownFileType = sourcecode.c.objc; path = MainViewController.m; sourceTree = "<group>"; };
		4A491113266E4F8800A2E06D /* WeatherLocation.swift */ = {isa = PBXFileReference; lastKnownFileType = sourcecode.swift; path = WeatherLocation.swift; sourceTree = "<group>"; };
		4A491115266E4FE700A2E06D /* LocationService.swift */ = {isa = PBXFileReference; lastKnownFileType = sourcecode.swift; path = LocationService.swift; sourceTree = "<group>"; };
		4A49112D266E68D300A2E06D /* CurrentForecast.swift */ = {isa = PBXFileReference; lastKnownFileType = sourcecode.swift; path = CurrentForecast.swift; sourceTree = "<group>"; };
		4A491141266E9E7100A2E06D /* RoadCondition.swift */ = {isa = PBXFileReference; lastKnownFileType = sourcecode.swift; path = RoadCondition.swift; sourceTree = "<group>"; };
		4A491144266E9F9B00A2E06D /* WeatherAlert.swift */ = {isa = PBXFileReference; lastKnownFileType = sourcecode.swift; path = WeatherAlert.swift; sourceTree = "<group>"; };
		4A491146266EAA8800A2E06D /* WeatherForecast.swift */ = {isa = PBXFileReference; lastKnownFileType = sourcecode.swift; path = WeatherForecast.swift; sourceTree = "<group>"; };
		4A491149266EAE4600A2E06D /* WeatherManager.swift */ = {isa = PBXFileReference; lastKnownFileType = sourcecode.swift; path = WeatherManager.swift; sourceTree = "<group>"; };
		4A50123B26F4DC770012B7DD /* Preferences.swift */ = {isa = PBXFileReference; lastKnownFileType = sourcecode.swift; path = Preferences.swift; sourceTree = "<group>"; };
		4A50123D26F4DF5B0012B7DD /* OpenWeatherDataProcessor.swift */ = {isa = PBXFileReference; lastKnownFileType = sourcecode.swift; path = OpenWeatherDataProcessor.swift; sourceTree = "<group>"; };
		4A50124026F4F2FA0012B7DD /* OpenWeatherService.swift */ = {isa = PBXFileReference; lastKnownFileType = sourcecode.swift; path = OpenWeatherService.swift; sourceTree = "<group>"; };
		4A50124226F50ABF0012B7DD /* WeatherData.swift */ = {isa = PBXFileReference; lastKnownFileType = sourcecode.swift; path = WeatherData.swift; sourceTree = "<group>"; };
		4A50124426F50B140012B7DD /* MinutelyForecast.swift */ = {isa = PBXFileReference; lastKnownFileType = sourcecode.swift; path = MinutelyForecast.swift; sourceTree = "<group>"; };
		4A55CAF924C76D35008065DA /* Launch.storyboard */ = {isa = PBXFileReference; lastKnownFileType = file.storyboard; path = Launch.storyboard; sourceTree = "<group>"; };
		56FBAA80C3ED8E16429896CD /* Pods-MobileWeather.release.xcconfig */ = {isa = PBXFileReference; includeInIndex = 1; lastKnownFileType = text.xcconfig; name = "Pods-MobileWeather.release.xcconfig"; path = "Pods/Target Support Files/Pods-MobileWeather/Pods-MobileWeather.release.xcconfig"; sourceTree = "<group>"; };
		5DB7EDC81D89CC2C00B62BB7 /* Settings.bundle */ = {isa = PBXFileReference; lastKnownFileType = "wrapper.plug-in"; name = Settings.bundle; path = MobileWeather/Settings.bundle; sourceTree = SOURCE_ROOT; };
		5DB7EDCA1D89CC3800B62BB7 /* Images.xcassets */ = {isa = PBXFileReference; lastKnownFileType = folder.assetcatalog; name = Images.xcassets; path = MobileWeather/Images.xcassets; sourceTree = SOURCE_ROOT; };
		6EF1FC561CF5EF3F009BE8E9 /* SmartDeviceLinkService.h */ = {isa = PBXFileReference; fileEncoding = 4; lastKnownFileType = sourcecode.c.h; name = SmartDeviceLinkService.h; path = ../SmartDeviceLinkService.h; sourceTree = "<group>"; };
		6EF1FC571CF5EF3F009BE8E9 /* SmartDeviceLinkService.m */ = {isa = PBXFileReference; fileEncoding = 4; lastKnownFileType = sourcecode.c.objc; name = SmartDeviceLinkService.m; path = ../SmartDeviceLinkService.m; sourceTree = "<group>"; };
		C407ED364EBBDDB306D541A8 /* Pods-MobileWeather.debug.xcconfig */ = {isa = PBXFileReference; includeInIndex = 1; lastKnownFileType = text.xcconfig; name = "Pods-MobileWeather.debug.xcconfig"; path = "Pods/Target Support Files/Pods-MobileWeather/Pods-MobileWeather.debug.xcconfig"; sourceTree = "<group>"; };
		E4059D6619FF8AF500C9996D /* DarkSkyService.h */ = {isa = PBXFileReference; fileEncoding = 4; lastKnownFileType = sourcecode.c.h; path = DarkSkyService.h; sourceTree = "<group>"; };
		E4059D6719FF8AF500C9996D /* DarkSkyService.m */ = {isa = PBXFileReference; fileEncoding = 4; lastKnownFileType = sourcecode.c.objc; path = DarkSkyService.m; sourceTree = "<group>"; };
		E4059D7819FFC21500C9996D /* DarkSkyProcessor.h */ = {isa = PBXFileReference; fileEncoding = 4; lastKnownFileType = sourcecode.c.h; path = DarkSkyProcessor.h; sourceTree = "<group>"; };
		E4059D7919FFC21500C9996D /* DarkSkyProcessor.m */ = {isa = PBXFileReference; fileEncoding = 4; lastKnownFileType = sourcecode.c.objc; path = DarkSkyProcessor.m; sourceTree = "<group>"; };
		E427582D1A0B75C000AA42B1 /* main.m */ = {isa = PBXFileReference; fileEncoding = 4; lastKnownFileType = sourcecode.c.objc; name = main.m; path = MobileWeather/main.m; sourceTree = SOURCE_ROOT; };
		E427582E1A0B75C000AA42B1 /* Info.plist */ = {isa = PBXFileReference; fileEncoding = 4; lastKnownFileType = text.plist.xml; name = Info.plist; path = MobileWeather/Info.plist; sourceTree = SOURCE_ROOT; };
		E42B44311A655D3000D6C6A7 /* Settings.h */ = {isa = PBXFileReference; lastKnownFileType = sourcecode.c.h; path = Settings.h; sourceTree = "<group>"; };
		E436919919F556D800678C1D /* Main.storyboard */ = {isa = PBXFileReference; fileEncoding = 4; lastKnownFileType = file.storyboard; path = Main.storyboard; sourceTree = "<group>"; };
		E4615C141A0CB42C0074A3A8 /* Notifications.m */ = {isa = PBXFileReference; fileEncoding = 4; lastKnownFileType = sourcecode.c.objc; path = Notifications.m; sourceTree = "<group>"; };
		E4BAFA831A0BA707003BB807 /* NSUserDefaults+RegisterSettings.h */ = {isa = PBXFileReference; fileEncoding = 4; lastKnownFileType = sourcecode.c.h; name = "NSUserDefaults+RegisterSettings.h"; path = "MobileWeather/NSUserDefaults+RegisterSettings.h"; sourceTree = SOURCE_ROOT; };
		E4BAFA841A0BA707003BB807 /* NSUserDefaults+RegisterSettings.m */ = {isa = PBXFileReference; fileEncoding = 4; lastKnownFileType = sourcecode.c.objc; name = "NSUserDefaults+RegisterSettings.m"; path = "MobileWeather/NSUserDefaults+RegisterSettings.m"; sourceTree = SOURCE_ROOT; };
		E4BD7AEB1B02338C006BE23B /* NSBundle+Language.h */ = {isa = PBXFileReference; fileEncoding = 4; lastKnownFileType = sourcecode.c.h; name = "NSBundle+Language.h"; path = "MobileWeather/NSBundle+Language.h"; sourceTree = SOURCE_ROOT; };
		E4BD7AEC1B02338C006BE23B /* NSBundle+Language.m */ = {isa = PBXFileReference; fileEncoding = 4; lastKnownFileType = sourcecode.c.objc; name = "NSBundle+Language.m"; path = "MobileWeather/NSBundle+Language.m"; sourceTree = SOURCE_ROOT; };
		E5FAE7A71ACD04B5A73D580C /* Pods_MobileWeather.framework */ = {isa = PBXFileReference; explicitFileType = wrapper.framework; includeInIndex = 0; path = Pods_MobileWeather.framework; sourceTree = BUILT_PRODUCTS_DIR; };
		E9AF3AB518A562B7006F466F /* Notifications.h */ = {isa = PBXFileReference; fileEncoding = 4; lastKnownFileType = sourcecode.c.h; path = Notifications.h; sourceTree = "<group>"; };
		FB8DD2C7193E39FA00F3E936 /* CoreLocation.framework */ = {isa = PBXFileReference; lastKnownFileType = wrapper.framework; name = CoreLocation.framework; path = System/Library/Frameworks/CoreLocation.framework; sourceTree = SDKROOT; };
/* End PBXFileReference section */

/* Begin PBXFrameworksBuildPhase section */
		1E555E2E18466B6500B143B4 /* Frameworks */ = {
			isa = PBXFrameworksBuildPhase;
			buildActionMask = 2147483647;
			files = (
				FB8DD2C8193E39FA00F3E936 /* CoreLocation.framework in Frameworks */,
				1E555E3918466B6500B143B4 /* UIKit.framework in Frameworks */,
				1E555E3518466B6500B143B4 /* Foundation.framework in Frameworks */,
				AA62726DBC705DF2AB93C537 /* Pods_MobileWeather.framework in Frameworks */,
			);
			runOnlyForDeploymentPostprocessing = 0;
		};
/* End PBXFrameworksBuildPhase section */

/* Begin PBXGroup section */
		1E555E2818466B6500B143B4 = {
			isa = PBXGroup;
			children = (
				1E555E3A18466B6500B143B4 /* MobileWeather */,
				1E555E3318466B6500B143B4 /* Frameworks */,
				1E555E3218466B6500B143B4 /* Products */,
				ACA98BA4794368CA002C5DC3 /* Pods */,
			);
			sourceTree = "<group>";
		};
		1E555E3218466B6500B143B4 /* Products */ = {
			isa = PBXGroup;
			children = (
				1E555E3118466B6500B143B4 /* SDL Weather.app */,
			);
			name = Products;
			sourceTree = "<group>";
		};
		1E555E3318466B6500B143B4 /* Frameworks */ = {
			isa = PBXGroup;
			children = (
				FB8DD2C7193E39FA00F3E936 /* CoreLocation.framework */,
				1E555E3418466B6500B143B4 /* Foundation.framework */,
				1E555E3818466B6500B143B4 /* UIKit.framework */,
				E5FAE7A71ACD04B5A73D580C /* Pods_MobileWeather.framework */,
			);
			name = Frameworks;
			sourceTree = "<group>";
		};
		1E555E3A18466B6500B143B4 /* MobileWeather */ = {
			isa = PBXGroup;
			children = (
				E491A6FF19F7C17200F82A4D /* Application */,
				4A491135266E75BE00A2E06D /* Location */,
				4A491136266E75D000A2E06D /* SDL */,
				E491A70219F7C60500F82A4D /* UI */,
				5DB7EDC71D89CC0C00B62BB7 /* Utilities */,
				E48C4D8E19FE706F00A90448 /* Weather */,
				5DC0B72B2182466A00E1B317 /* Supporting Files */,
			);
			path = MobileWeather;
			sourceTree = "<group>";
		};
		4A491135266E75BE00A2E06D /* Location */ = {
			isa = PBXGroup;
			children = (
				4A50123F26F4E8BA0012B7DD /* Structs */,
				4A491115266E4FE700A2E06D /* LocationService.swift */,
			);
			name = Location;
			sourceTree = "<group>";
		};
		4A491136266E75D000A2E06D /* SDL */ = {
			isa = PBXGroup;
			children = (
				6EF1FC561CF5EF3F009BE8E9 /* SmartDeviceLinkService.h */,
				6EF1FC571CF5EF3F009BE8E9 /* SmartDeviceLinkService.m */,
			);
			name = SDL;
			sourceTree = "<group>";
		};
		4A491143266E9F7000A2E06D /* Enums */ = {
			isa = PBXGroup;
			children = (
				4A491141266E9E7100A2E06D /* RoadCondition.swift */,
			);
			name = Enums;
			sourceTree = "<group>";
		};
		4A491148266EADE800A2E06D /* Structs */ = {
			isa = PBXGroup;
			children = (
				4A50124226F50ABF0012B7DD /* WeatherData.swift */,
				4ADBAC9726F91A3F0038242B /* Sub-Data */,
			);
			name = Structs;
			sourceTree = "<group>";
		};
		4A50123F26F4E8BA0012B7DD /* Structs */ = {
			isa = PBXGroup;
			children = (
				4A491113266E4F8800A2E06D /* WeatherLocation.swift */,
			);
			name = Structs;
			sourceTree = "<group>";
		};
		4AD8081D266AA0550060F4E2 /* OpenWeather */ = {
			isa = PBXGroup;
			children = (
				4A50123D26F4DF5B0012B7DD /* OpenWeatherDataProcessor.swift */,
				4A50124026F4F2FA0012B7DD /* OpenWeatherService.swift */,
			);
			name = OpenWeather;
			sourceTree = "<group>";
		};
		4ADBAC9726F91A3F0038242B /* Sub-Data */ = {
			isa = PBXGroup;
			children = (
				4A491144266E9F9B00A2E06D /* WeatherAlert.swift */,
				4A49112D266E68D300A2E06D /* CurrentForecast.swift */,
				4A491146266EAA8800A2E06D /* WeatherForecast.swift */,
				4A50124426F50B140012B7DD /* MinutelyForecast.swift */,
			);
			name = "Sub-Data";
			sourceTree = "<group>";
		};
		5DB7EDC71D89CC0C00B62BB7 /* Utilities */ = {
			isa = PBXGroup;
			children = (
				E4BAFA831A0BA707003BB807 /* NSUserDefaults+RegisterSettings.h */,
				E4BAFA841A0BA707003BB807 /* NSUserDefaults+RegisterSettings.m */,
				E4BD7AEB1B02338C006BE23B /* NSBundle+Language.h */,
				E4BD7AEC1B02338C006BE23B /* NSBundle+Language.m */,
				4A50123B26F4DC770012B7DD /* Preferences.swift */,
			);
			name = Utilities;
			sourceTree = "<group>";
		};
		5DC0B72B2182466A00E1B317 /* Supporting Files */ = {
			isa = PBXGroup;
			children = (
				5DB7EDCA1D89CC3800B62BB7 /* Images.xcassets */,
				5DB7EDC81D89CC2C00B62BB7 /* Settings.bundle */,
				E427582D1A0B75C000AA42B1 /* main.m */,
				E427582E1A0B75C000AA42B1 /* Info.plist */,
				4A55CAF924C76D35008065DA /* Launch.storyboard */,
			);
			name = "Supporting Files";
			sourceTree = "<group>";
		};
		ACA98BA4794368CA002C5DC3 /* Pods */ = {
			isa = PBXGroup;
			children = (
				C407ED364EBBDDB306D541A8 /* Pods-MobileWeather.debug.xcconfig */,
				56FBAA80C3ED8E16429896CD /* Pods-MobileWeather.release.xcconfig */,
			);
			name = Pods;
			sourceTree = "<group>";
		};
		E42CD7301A41A99E00C51CAA /* Data */ = {
			isa = PBXGroup;
			children = (
				4A491143266E9F7000A2E06D /* Enums */,
				4A491148266EADE800A2E06D /* Structs */,
				4A491149266EAE4600A2E06D /* WeatherManager.swift */,
			);
			name = Data;
			sourceTree = "<group>";
		};
		E48C4D8D19FE705000A90448 /* DarkSky */ = {
			isa = PBXGroup;
			children = (
				E4059D7819FFC21500C9996D /* DarkSkyProcessor.h */,
				E4059D7919FFC21500C9996D /* DarkSkyProcessor.m */,
				E4059D6619FF8AF500C9996D /* DarkSkyService.h */,
				E4059D6719FF8AF500C9996D /* DarkSkyService.m */,
			);
			name = DarkSky;
			sourceTree = "<group>";
		};
		E48C4D8E19FE706F00A90448 /* Weather */ = {
			isa = PBXGroup;
			children = (
				E42CD7301A41A99E00C51CAA /* Data */,
				E48C4D8D19FE705000A90448 /* DarkSky */,
				4AD8081D266AA0550060F4E2 /* OpenWeather */,
				E48C4D9019FE708400A90448 /* Generic */,
			);
			name = Weather;
			sourceTree = "<group>";
		};
		E48C4D9019FE708400A90448 /* Generic */ = {
			isa = PBXGroup;
			children = (
			);
			name = Generic;
			sourceTree = "<group>";
		};
		E491A6FF19F7C17200F82A4D /* Application */ = {
			isa = PBXGroup;
			children = (
				E9AF3AB518A562B7006F466F /* Notifications.h */,
				E4615C141A0CB42C0074A3A8 /* Notifications.m */,
				1E555E4318466B6500B143B4 /* AppDelegate.h */,
				1E555E4418466B6500B143B4 /* AppDelegate.m */,
				E42B44311A655D3000D6C6A7 /* Settings.h */,
			);
			name = Application;
			sourceTree = "<group>";
		};
		E491A70219F7C60500F82A4D /* UI */ = {
			isa = PBXGroup;
			children = (
				1E555E4918466B6500B143B4 /* MainViewController.h */,
				1E555E4A18466B6500B143B4 /* MainViewController.m */,
				E436919919F556D800678C1D /* Main.storyboard */,
			);
			name = UI;
			sourceTree = "<group>";
		};
/* End PBXGroup section */

/* Begin PBXNativeTarget section */
		1E555E3018466B6500B143B4 /* MobileWeather */ = {
			isa = PBXNativeTarget;
			buildConfigurationList = 1E555E6318466B6500B143B4 /* Build configuration list for PBXNativeTarget "MobileWeather" */;
			buildPhases = (
				02132F524A32751BB3DA5772 /* [CP] Check Pods Manifest.lock */,
				1E555E2D18466B6500B143B4 /* Sources */,
				1E555E2E18466B6500B143B4 /* Frameworks */,
				1E555E2F18466B6500B143B4 /* Resources */,
				E410DDBF1B441709008F1F0E /* Embed Frameworks */,
				F5F9E58BB96BD000574644DE /* [CP] Embed Pods Frameworks */,
			);
			buildRules = (
			);
			dependencies = (
			);
			name = MobileWeather;
			productName = MobileWeather;
			productReference = 1E555E3118466B6500B143B4 /* SDL Weather.app */;
			productType = "com.apple.product-type.application";
		};
/* End PBXNativeTarget section */

/* Begin PBXProject section */
		1E555E2918466B6500B143B4 /* Project object */ = {
			isa = PBXProject;
			attributes = {
				LastUpgradeCheck = 1160;
				ORGANIZATIONNAME = Ford;
				TargetAttributes = {
					1E555E3018466B6500B143B4 = {
						DevelopmentTeam = NCVC2MHU7M;
						ProvisioningStyle = Automatic;
						SystemCapabilities = {
							com.apple.BackgroundModes = {
								enabled = 1;
							};
							com.apple.WAC = {
								enabled = 0;
							};
						};
					};
				};
			};
			buildConfigurationList = 1E555E2C18466B6500B143B4 /* Build configuration list for PBXProject "MobileWeather" */;
			compatibilityVersion = "Xcode 3.2";
			developmentRegion = English;
			hasScannedForEncodings = 0;
			knownRegions = (
				English,
				en,
				de,
				es,
				pt,
				fr,
			);
			mainGroup = 1E555E2818466B6500B143B4;
			productRefGroup = 1E555E3218466B6500B143B4 /* Products */;
			projectDirPath = "";
			projectRoot = "";
			targets = (
				1E555E3018466B6500B143B4 /* MobileWeather */,
			);
		};
/* End PBXProject section */

/* Begin PBXResourcesBuildPhase section */
		1E555E2F18466B6500B143B4 /* Resources */ = {
			isa = PBXResourcesBuildPhase;
			buildActionMask = 2147483647;
			files = (
				5DB7EDCB1D89CC3800B62BB7 /* Images.xcassets in Resources */,
				E436919A19F556D800678C1D /* Main.storyboard in Resources */,
				4A55CAFA24C76D35008065DA /* Launch.storyboard in Resources */,
				5DB7EDC91D89CC2C00B62BB7 /* Settings.bundle in Resources */,
			);
			runOnlyForDeploymentPostprocessing = 0;
		};
/* End PBXResourcesBuildPhase section */

/* Begin PBXShellScriptBuildPhase section */
		02132F524A32751BB3DA5772 /* [CP] Check Pods Manifest.lock */ = {
			isa = PBXShellScriptBuildPhase;
			buildActionMask = 2147483647;
			files = (
			);
			inputPaths = (
				"${PODS_PODFILE_DIR_PATH}/Podfile.lock",
				"${PODS_ROOT}/Manifest.lock",
			);
			name = "[CP] Check Pods Manifest.lock";
			outputPaths = (
				"$(DERIVED_FILE_DIR)/Pods-MobileWeather-checkManifestLockResult.txt",
			);
			runOnlyForDeploymentPostprocessing = 0;
			shellPath = /bin/sh;
			shellScript = "diff \"${PODS_PODFILE_DIR_PATH}/Podfile.lock\" \"${PODS_ROOT}/Manifest.lock\" > /dev/null\nif [ $? != 0 ] ; then\n    # print error to STDERR\n    echo \"error: The sandbox is not in sync with the Podfile.lock. Run 'pod install' or update your CocoaPods installation.\" >&2\n    exit 1\nfi\n# This output is used by Xcode 'outputs' to avoid re-running this script phase.\necho \"SUCCESS\" > \"${SCRIPT_OUTPUT_FILE_0}\"\n";
			showEnvVarsInLog = 0;
		};
		F5F9E58BB96BD000574644DE /* [CP] Embed Pods Frameworks */ = {
			isa = PBXShellScriptBuildPhase;
			buildActionMask = 2147483647;
			files = (
			);
			inputPaths = (
				"${PODS_ROOT}/Target Support Files/Pods-MobileWeather/Pods-MobileWeather-frameworks.sh",
				"${BUILT_PRODUCTS_DIR}/BiSON/BiSON.framework",
				"${BUILT_PRODUCTS_DIR}/SmartDeviceLink/SmartDeviceLink.framework",
			);
			name = "[CP] Embed Pods Frameworks";
			outputPaths = (
				"${TARGET_BUILD_DIR}/${FRAMEWORKS_FOLDER_PATH}/BiSON.framework",
				"${TARGET_BUILD_DIR}/${FRAMEWORKS_FOLDER_PATH}/SmartDeviceLink.framework",
			);
			runOnlyForDeploymentPostprocessing = 0;
			shellPath = /bin/sh;
			shellScript = "\"${PODS_ROOT}/Target Support Files/Pods-MobileWeather/Pods-MobileWeather-frameworks.sh\"\n";
			showEnvVarsInLog = 0;
		};
/* End PBXShellScriptBuildPhase section */

/* Begin PBXSourcesBuildPhase section */
		1E555E2D18466B6500B143B4 /* Sources */ = {
			isa = PBXSourcesBuildPhase;
			buildActionMask = 2147483647;
			files = (
				4A491134266E755E00A2E06D /* CurrentForecast.swift in Sources */,
				6EF1FC581CF5EF3F009BE8E9 /* SmartDeviceLinkService.m in Sources */,
				4A491142266E9E7100A2E06D /* RoadCondition.swift in Sources */,
				4A49114A266EAE4600A2E06D /* WeatherManager.swift in Sources */,
				E4059D7A19FFC21500C9996D /* DarkSkyProcessor.m in Sources */,
				4A491147266EAA8800A2E06D /* WeatherForecast.swift in Sources */,
				E4059D6819FF8AF500C9996D /* DarkSkyService.m in Sources */,
				E4BAFA851A0BA707003BB807 /* NSUserDefaults+RegisterSettings.m in Sources */,
				E4615C151A0CB42C0074A3A8 /* Notifications.m in Sources */,
				4A49114C266EB02D00A2E06D /* LocationService.swift in Sources */,
				4A50123E26F4DF5B0012B7DD /* OpenWeatherDataProcessor.swift in Sources */,
				4A49114B266EAEC000A2E06D /* WeatherLocation.swift in Sources */,
				4A50124126F4F2FA0012B7DD /* OpenWeatherService.swift in Sources */,
				1E555E4B18466B6500B143B4 /* MainViewController.m in Sources */,
				1E555E4518466B6500B143B4 /* AppDelegate.m in Sources */,
				4A50123C26F4DC770012B7DD /* Preferences.swift in Sources */,
				E42758301A0B75C000AA42B1 /* main.m in Sources */,
				4A491145266E9F9B00A2E06D /* WeatherAlert.swift in Sources */,
				4A50124326F50ABF0012B7DD /* WeatherData.swift in Sources */,
				E4BD7AED1B02338C006BE23B /* NSBundle+Language.m in Sources */,
				4A50124526F50B140012B7DD /* MinutelyForecast.swift in Sources */,
			);
			runOnlyForDeploymentPostprocessing = 0;
		};
/* End PBXSourcesBuildPhase section */

/* Begin XCBuildConfiguration section */
		1E555E6118466B6500B143B4 /* Debug */ = {
			isa = XCBuildConfiguration;
			buildSettings = {
				CLANG_ANALYZER_LOCALIZABILITY_NONLOCALIZED = YES;
				CLANG_ENABLE_MODULES = YES;
				CLANG_ENABLE_OBJC_ARC = YES;
				CLANG_WARN_BLOCK_CAPTURE_AUTORELEASING = YES;
				CLANG_WARN_BOOL_CONVERSION = YES;
				CLANG_WARN_COMMA = YES;
				CLANG_WARN_CONSTANT_CONVERSION = YES;
				CLANG_WARN_DIRECT_OBJC_ISA_USAGE = YES_ERROR;
				CLANG_WARN_EMPTY_BODY = YES;
				CLANG_WARN_ENUM_CONVERSION = YES;
				CLANG_WARN_INFINITE_RECURSION = YES;
				CLANG_WARN_INT_CONVERSION = YES;
				CLANG_WARN_NON_LITERAL_NULL_CONVERSION = YES;
				CLANG_WARN_OBJC_LITERAL_CONVERSION = YES;
				CLANG_WARN_OBJC_ROOT_CLASS = YES_ERROR;
				CLANG_WARN_RANGE_LOOP_ANALYSIS = YES;
				CLANG_WARN_STRICT_PROTOTYPES = YES;
				CLANG_WARN_SUSPICIOUS_MOVE = YES;
				CLANG_WARN_UNREACHABLE_CODE = YES;
				CLANG_WARN__DUPLICATE_METHOD_MATCH = YES;
				CODE_SIGN_IDENTITY = "iPhone Developer";
				"CODE_SIGN_IDENTITY[sdk=iphoneos*]" = "iPhone Developer";
				COPY_PHASE_STRIP = NO;
				DEBUG_INFORMATION_FORMAT = "dwarf-with-dsym";
				ENABLE_STRICT_OBJC_MSGSEND = YES;
				ENABLE_TESTABILITY = YES;
				GCC_NO_COMMON_BLOCKS = YES;
				GCC_OPTIMIZATION_LEVEL = 0;
				GCC_PREPROCESSOR_DEFINITIONS = (
					"DEBUG=1",
					"$(inherited)",
				);
				GCC_WARN_64_TO_32_BIT_CONVERSION = YES;
				GCC_WARN_ABOUT_RETURN_TYPE = YES_ERROR;
				GCC_WARN_UNDECLARED_SELECTOR = YES;
				GCC_WARN_UNINITIALIZED_AUTOS = YES;
				GCC_WARN_UNUSED_FUNCTION = YES;
				GCC_WARN_UNUSED_VARIABLE = YES;
				IPHONEOS_DEPLOYMENT_TARGET = 10.0;
				ONLY_ACTIVE_ARCH = YES;
				SDKROOT = iphoneos;
				VALIDATE_PRODUCT = YES;
			};
			name = Debug;
		};
		1E555E6218466B6500B143B4 /* Release */ = {
			isa = XCBuildConfiguration;
			buildSettings = {
				CLANG_ANALYZER_LOCALIZABILITY_NONLOCALIZED = YES;
				CLANG_ENABLE_MODULES = YES;
				CLANG_ENABLE_OBJC_ARC = YES;
				CLANG_WARN_BLOCK_CAPTURE_AUTORELEASING = YES;
				CLANG_WARN_BOOL_CONVERSION = YES;
				CLANG_WARN_COMMA = YES;
				CLANG_WARN_CONSTANT_CONVERSION = YES;
				CLANG_WARN_DIRECT_OBJC_ISA_USAGE = YES_ERROR;
				CLANG_WARN_EMPTY_BODY = YES;
				CLANG_WARN_ENUM_CONVERSION = YES;
				CLANG_WARN_INFINITE_RECURSION = YES;
				CLANG_WARN_INT_CONVERSION = YES;
				CLANG_WARN_NON_LITERAL_NULL_CONVERSION = YES;
				CLANG_WARN_OBJC_LITERAL_CONVERSION = YES;
				CLANG_WARN_OBJC_ROOT_CLASS = YES_ERROR;
				CLANG_WARN_RANGE_LOOP_ANALYSIS = YES;
				CLANG_WARN_STRICT_PROTOTYPES = YES;
				CLANG_WARN_SUSPICIOUS_MOVE = YES;
				CLANG_WARN_UNREACHABLE_CODE = YES;
				CLANG_WARN__DUPLICATE_METHOD_MATCH = YES;
				CODE_SIGN_IDENTITY = "iPhone Developer";
				"CODE_SIGN_IDENTITY[sdk=iphoneos*]" = "iPhone Developer";
				COPY_PHASE_STRIP = NO;
				DEBUG_INFORMATION_FORMAT = "dwarf-with-dsym";
				ENABLE_NS_ASSERTIONS = NO;
				ENABLE_STRICT_OBJC_MSGSEND = YES;
				GCC_NO_COMMON_BLOCKS = YES;
				GCC_WARN_64_TO_32_BIT_CONVERSION = YES;
				GCC_WARN_ABOUT_RETURN_TYPE = YES_ERROR;
				GCC_WARN_UNDECLARED_SELECTOR = YES;
				GCC_WARN_UNINITIALIZED_AUTOS = YES;
				GCC_WARN_UNUSED_FUNCTION = YES;
				GCC_WARN_UNUSED_VARIABLE = YES;
				IPHONEOS_DEPLOYMENT_TARGET = 10.0;
				SDKROOT = iphoneos;
				VALIDATE_PRODUCT = YES;
			};
			name = Release;
		};
		1E555E6418466B6500B143B4 /* Debug */ = {
			isa = XCBuildConfiguration;
			baseConfigurationReference = C407ED364EBBDDB306D541A8 /* Pods-MobileWeather.debug.xcconfig */;
			buildSettings = {
				ALWAYS_EMBED_SWIFT_STANDARD_LIBRARIES = YES;
				ALWAYS_SEARCH_USER_PATHS = NO;
				ASSETCATALOG_COMPILER_APPICON_NAME = AppIcon;
				CODE_SIGN_IDENTITY = "iPhone Developer";
				"CODE_SIGN_IDENTITY[sdk=iphoneos*]" = "iPhone Developer";
				CODE_SIGN_RESOURCE_RULES_PATH = "$(SDKROOT)/ResourceRules.plist";
				CURRENT_PROJECT_VERSION = 1;
				DEVELOPMENT_TEAM = NCVC2MHU7M;
				GCC_PRECOMPILE_PREFIX_HEADER = YES;
				INFOPLIST_FILE = MobileWeather/Info.plist;
				IPHONEOS_DEPLOYMENT_TARGET = 13.0;
				LD_RUNPATH_SEARCH_PATHS = "$(inherited) @executable_path/Frameworks";
				MARKETING_VERSION = 5.5.2;
				PRODUCT_BUNDLE_IDENTIFIER = com.sdl.sdlweather;
				PRODUCT_NAME = "SDL Weather";
				PROVISIONING_PROFILE = "";
				WRAPPER_EXTENSION = app;
			};
			name = Debug;
		};
		1E555E6518466B6500B143B4 /* Release */ = {
			isa = XCBuildConfiguration;
			baseConfigurationReference = 56FBAA80C3ED8E16429896CD /* Pods-MobileWeather.release.xcconfig */;
			buildSettings = {
				ALWAYS_EMBED_SWIFT_STANDARD_LIBRARIES = YES;
				ALWAYS_SEARCH_USER_PATHS = NO;
				ASSETCATALOG_COMPILER_APPICON_NAME = AppIcon;
				CODE_SIGN_IDENTITY = "iPhone Developer";
				"CODE_SIGN_IDENTITY[sdk=iphoneos*]" = "iPhone Developer";
				CODE_SIGN_RESOURCE_RULES_PATH = "$(SDKROOT)/ResourceRules.plist";
				CURRENT_PROJECT_VERSION = 1;
				DEVELOPMENT_TEAM = NCVC2MHU7M;
				GCC_PRECOMPILE_PREFIX_HEADER = YES;
				INFOPLIST_FILE = MobileWeather/Info.plist;
				IPHONEOS_DEPLOYMENT_TARGET = 13.0;
				LD_RUNPATH_SEARCH_PATHS = "$(inherited) @executable_path/Frameworks";
				MARKETING_VERSION = 5.5.2;
				PRODUCT_BUNDLE_IDENTIFIER = com.sdl.sdlweather;
				PRODUCT_NAME = "SDL Weather";
				PROVISIONING_PROFILE = "";
				WRAPPER_EXTENSION = app;
			};
			name = Release;
		};
/* End XCBuildConfiguration section */

/* Begin XCConfigurationList section */
		1E555E2C18466B6500B143B4 /* Build configuration list for PBXProject "MobileWeather" */ = {
			isa = XCConfigurationList;
			buildConfigurations = (
				1E555E6118466B6500B143B4 /* Debug */,
				1E555E6218466B6500B143B4 /* Release */,
			);
			defaultConfigurationIsVisible = 0;
			defaultConfigurationName = Release;
		};
		1E555E6318466B6500B143B4 /* Build configuration list for PBXNativeTarget "MobileWeather" */ = {
			isa = XCConfigurationList;
			buildConfigurations = (
				1E555E6418466B6500B143B4 /* Debug */,
				1E555E6518466B6500B143B4 /* Release */,
			);
			defaultConfigurationIsVisible = 0;
			defaultConfigurationName = Release;
		};
/* End XCConfigurationList section */
	};
	rootObject = 1E555E2918466B6500B143B4 /* Project object */;
}
